// !$*UTF8*$!
{
	archiveVersion = 1;
	classes = {
	};
	objectVersion = 54;
	objects = {

/* Begin PBXBuildFile section */
		8BCB087F935110E8C08F2F5B /* Pods_MultipleFields_AllowEdit.framework in Frameworks */ = {isa = PBXBuildFile; fileRef = 6554ED109EFE8D635BA67531 /* Pods_MultipleFields_AllowEdit.framework */; };
		C1908B3E2B354EB800491B0A /* AppDelegate.swift in Sources */ = {isa = PBXBuildFile; fileRef = C1908B3D2B354EB800491B0A /* AppDelegate.swift */; };
		C1908B402B354EB800491B0A /* SceneDelegate.swift in Sources */ = {isa = PBXBuildFile; fileRef = C1908B3F2B354EB800491B0A /* SceneDelegate.swift */; };
		C1908B422B354EB800491B0A /* ViewController.swift in Sources */ = {isa = PBXBuildFile; fileRef = C1908B412B354EB800491B0A /* ViewController.swift */; };
		C1908B452B354EB900491B0A /* Main.storyboard in Resources */ = {isa = PBXBuildFile; fileRef = C1908B432B354EB800491B0A /* Main.storyboard */; };
		C1908B472B354EC000491B0A /* Assets.xcassets in Resources */ = {isa = PBXBuildFile; fileRef = C1908B462B354EC000491B0A /* Assets.xcassets */; };
		C1908B4A2B354EC000491B0A /* LaunchScreen.storyboard in Resources */ = {isa = PBXBuildFile; fileRef = C1908B482B354EC000491B0A /* LaunchScreen.storyboard */; };
		C1908B522B35515000491B0A /* FillDetailsVC.swift in Sources */ = {isa = PBXBuildFile; fileRef = C1908B512B35515000491B0A /* FillDetailsVC.swift */; };
		C1908B542B3555F600491B0A /* CheckBoxCell.swift in Sources */ = {isa = PBXBuildFile; fileRef = C1908B532B3555F600491B0A /* CheckBoxCell.swift */; };
		C1908B562B35561400491B0A /* TextFieldCell.swift in Sources */ = {isa = PBXBuildFile; fileRef = C1908B552B35561400491B0A /* TextFieldCell.swift */; };
/* End PBXBuildFile section */

/* Begin PBXFileReference section */
		2077D4D34E8867B4A72EEDB7 /* Pods-MultipleFields_AllowEdit.release.xcconfig */ = {isa = PBXFileReference; includeInIndex = 1; lastKnownFileType = text.xcconfig; name = "Pods-MultipleFields_AllowEdit.release.xcconfig"; path = "Target Support Files/Pods-MultipleFields_AllowEdit/Pods-MultipleFields_AllowEdit.release.xcconfig"; sourceTree = "<group>"; };
		6554ED109EFE8D635BA67531 /* Pods_MultipleFields_AllowEdit.framework */ = {isa = PBXFileReference; explicitFileType = wrapper.framework; includeInIndex = 0; path = Pods_MultipleFields_AllowEdit.framework; sourceTree = BUILT_PRODUCTS_DIR; };
		87B47150C97C5320AF1EE0E4 /* Pods-MultipleFields_AllowEdit.debug.xcconfig */ = {isa = PBXFileReference; includeInIndex = 1; lastKnownFileType = text.xcconfig; name = "Pods-MultipleFields_AllowEdit.debug.xcconfig"; path = "Target Support Files/Pods-MultipleFields_AllowEdit/Pods-MultipleFields_AllowEdit.debug.xcconfig"; sourceTree = "<group>"; };
		C1908B3A2B354EB800491B0A /* MultipleFields_AllowEdit.app */ = {isa = PBXFileReference; explicitFileType = wrapper.application; includeInIndex = 0; path = MultipleFields_AllowEdit.app; sourceTree = BUILT_PRODUCTS_DIR; };
		C1908B3D2B354EB800491B0A /* AppDelegate.swift */ = {isa = PBXFileReference; lastKnownFileType = sourcecode.swift; path = AppDelegate.swift; sourceTree = "<group>"; };
		C1908B3F2B354EB800491B0A /* SceneDelegate.swift */ = {isa = PBXFileReference; lastKnownFileType = sourcecode.swift; path = SceneDelegate.swift; sourceTree = "<group>"; };
		C1908B412B354EB800491B0A /* ViewController.swift */ = {isa = PBXFileReference; lastKnownFileType = sourcecode.swift; path = ViewController.swift; sourceTree = "<group>"; };
		C1908B442B354EB800491B0A /* Base */ = {isa = PBXFileReference; lastKnownFileType = file.storyboard; name = Base; path = Base.lproj/Main.storyboard; sourceTree = "<group>"; };
		C1908B462B354EC000491B0A /* Assets.xcassets */ = {isa = PBXFileReference; lastKnownFileType = folder.assetcatalog; path = Assets.xcassets; sourceTree = "<group>"; };
		C1908B492B354EC000491B0A /* Base */ = {isa = PBXFileReference; lastKnownFileType = file.storyboard; name = Base; path = Base.lproj/LaunchScreen.storyboard; sourceTree = "<group>"; };
		C1908B4B2B354EC000491B0A /* Info.plist */ = {isa = PBXFileReference; lastKnownFileType = text.plist.xml; path = Info.plist; sourceTree = "<group>"; };
		C1908B512B35515000491B0A /* FillDetailsVC.swift */ = {isa = PBXFileReference; lastKnownFileType = sourcecode.swift; path = FillDetailsVC.swift; sourceTree = "<group>"; };
		C1908B532B3555F600491B0A /* CheckBoxCell.swift */ = {isa = PBXFileReference; lastKnownFileType = sourcecode.swift; path = CheckBoxCell.swift; sourceTree = "<group>"; };
		C1908B552B35561400491B0A /* TextFieldCell.swift */ = {isa = PBXFileReference; lastKnownFileType = sourcecode.swift; path = TextFieldCell.swift; sourceTree = "<group>"; };
/* End PBXFileReference section */

/* Begin PBXFrameworksBuildPhase section */
		C1908B372B354EB800491B0A /* Frameworks */ = {
			isa = PBXFrameworksBuildPhase;
			buildActionMask = 2147483647;
			files = (
				8BCB087F935110E8C08F2F5B /* Pods_MultipleFields_AllowEdit.framework in Frameworks */,
			);
			runOnlyForDeploymentPostprocessing = 0;
		};
/* End PBXFrameworksBuildPhase section */

/* Begin PBXGroup section */
		0B0909FC955245478AA9F1D6 /* Pods */ = {
			isa = PBXGroup;
			children = (
				87B47150C97C5320AF1EE0E4 /* Pods-MultipleFields_AllowEdit.debug.xcconfig */,
				2077D4D34E8867B4A72EEDB7 /* Pods-MultipleFields_AllowEdit.release.xcconfig */,
			);
			path = Pods;
			sourceTree = "<group>";
		};
		866C6484E4719F4CF98BDE0E /* Frameworks */ = {
			isa = PBXGroup;
			children = (
				6554ED109EFE8D635BA67531 /* Pods_MultipleFields_AllowEdit.framework */,
			);
			name = Frameworks;
			sourceTree = "<group>";
		};
		C1908B312B354EB800491B0A = {
			isa = PBXGroup;
			children = (
				C1908B3C2B354EB800491B0A /* MultipleFields_AllowEdit */,
				C1908B3B2B354EB800491B0A /* Products */,
				0B0909FC955245478AA9F1D6 /* Pods */,
				866C6484E4719F4CF98BDE0E /* Frameworks */,
			);
			sourceTree = "<group>";
		};
		C1908B3B2B354EB800491B0A /* Products */ = {
			isa = PBXGroup;
			children = (
				C1908B3A2B354EB800491B0A /* MultipleFields_AllowEdit.app */,
			);
			name = Products;
			sourceTree = "<group>";
		};
		C1908B3C2B354EB800491B0A /* MultipleFields_AllowEdit */ = {
			isa = PBXGroup;
			children = (
				C1908B3D2B354EB800491B0A /* AppDelegate.swift */,
				C1908B3F2B354EB800491B0A /* SceneDelegate.swift */,
				C1908B412B354EB800491B0A /* ViewController.swift */,
				C1908B512B35515000491B0A /* FillDetailsVC.swift */,
				C1908B552B35561400491B0A /* TextFieldCell.swift */,
				C1908B532B3555F600491B0A /* CheckBoxCell.swift */,
				C1908B432B354EB800491B0A /* Main.storyboard */,
				C1908B462B354EC000491B0A /* Assets.xcassets */,
				C1908B482B354EC000491B0A /* LaunchScreen.storyboard */,
				C1908B4B2B354EC000491B0A /* Info.plist */,
			);
			path = MultipleFields_AllowEdit;
			sourceTree = "<group>";
		};
/* End PBXGroup section */

/* Begin PBXNativeTarget section */
		C1908B392B354EB800491B0A /* MultipleFields_AllowEdit */ = {
			isa = PBXNativeTarget;
			buildConfigurationList = C1908B4E2B354EC000491B0A /* Build configuration list for PBXNativeTarget "MultipleFields_AllowEdit" */;
			buildPhases = (
				1746F2C79AE2CCC1ABE405F4 /* [CP] Check Pods Manifest.lock */,
				C1908B362B354EB800491B0A /* Sources */,
				C1908B372B354EB800491B0A /* Frameworks */,
				C1908B382B354EB800491B0A /* Resources */,
				D0446D2A062C41F6CF026B61 /* [CP] Embed Pods Frameworks */,
			);
			buildRules = (
			);
			dependencies = (
			);
			name = MultipleFields_AllowEdit;
			productName = MultipleFields_AllowEdit;
			productReference = C1908B3A2B354EB800491B0A /* MultipleFields_AllowEdit.app */;
			productType = "com.apple.product-type.application";
		};
/* End PBXNativeTarget section */

/* Begin PBXProject section */
		C1908B322B354EB800491B0A /* Project object */ = {
			isa = PBXProject;
			attributes = {
				BuildIndependentTargetsInParallel = 1;
				LastSwiftUpdateCheck = 1430;
				LastUpgradeCheck = 1430;
				TargetAttributes = {
					C1908B392B354EB800491B0A = {
						CreatedOnToolsVersion = 14.3.1;
					};
				};
			};
			buildConfigurationList = C1908B352B354EB800491B0A /* Build configuration list for PBXProject "MultipleFields_AllowEdit" */;
			compatibilityVersion = "Xcode 12.0";
			developmentRegion = en;
			hasScannedForEncodings = 0;
			knownRegions = (
				en,
				Base,
			);
			mainGroup = C1908B312B354EB800491B0A;
			productRefGroup = C1908B3B2B354EB800491B0A /* Products */;
			projectDirPath = "";
			projectRoot = "";
			targets = (
				C1908B392B354EB800491B0A /* MultipleFields_AllowEdit */,
			);
		};
/* End PBXProject section */

/* Begin PBXResourcesBuildPhase section */
		C1908B382B354EB800491B0A /* Resources */ = {
			isa = PBXResourcesBuildPhase;
			buildActionMask = 2147483647;
			files = (
				C1908B4A2B354EC000491B0A /* LaunchScreen.storyboard in Resources */,
				C1908B472B354EC000491B0A /* Assets.xcassets in Resources */,
				C1908B452B354EB900491B0A /* Main.storyboard in Resources */,
			);
			runOnlyForDeploymentPostprocessing = 0;
		};
/* End PBXResourcesBuildPhase section */

/* Begin PBXShellScriptBuildPhase section */
		1746F2C79AE2CCC1ABE405F4 /* [CP] Check Pods Manifest.lock */ = {
			isa = PBXShellScriptBuildPhase;
			buildActionMask = 2147483647;
			files = (
			);
			inputFileListPaths = (
			);
			inputPaths = (
				"${PODS_PODFILE_DIR_PATH}/Podfile.lock",
				"${PODS_ROOT}/Manifest.lock",
			);
			name = "[CP] Check Pods Manifest.lock";
			outputFileListPaths = (
			);
			outputPaths = (
				"$(DERIVED_FILE_DIR)/Pods-MultipleFields_AllowEdit-checkManifestLockResult.txt",
			);
			runOnlyForDeploymentPostprocessing = 0;
			shellPath = /bin/sh;
			shellScript = "diff \"${PODS_PODFILE_DIR_PATH}/Podfile.lock\" \"${PODS_ROOT}/Manifest.lock\" > /dev/null\nif [ $? != 0 ] ; then\n    # print error to STDERR\n    echo \"error: The sandbox is not in sync with the Podfile.lock. Run 'pod install' or update your CocoaPods installation.\" >&2\n    exit 1\nfi\n# This output is used by Xcode 'outputs' to avoid re-running this script phase.\necho \"SUCCESS\" > \"${SCRIPT_OUTPUT_FILE_0}\"\n";
			showEnvVarsInLog = 0;
		};
		D0446D2A062C41F6CF026B61 /* [CP] Embed Pods Frameworks */ = {
			isa = PBXShellScriptBuildPhase;
			buildActionMask = 2147483647;
			files = (
			);
			inputFileListPaths = (
				"${PODS_ROOT}/Target Support Files/Pods-MultipleFields_AllowEdit/Pods-MultipleFields_AllowEdit-frameworks-${CONFIGURATION}-input-files.xcfilelist",
			);
			name = "[CP] Embed Pods Frameworks";
			outputFileListPaths = (
				"${PODS_ROOT}/Target Support Files/Pods-MultipleFields_AllowEdit/Pods-MultipleFields_AllowEdit-frameworks-${CONFIGURATION}-output-files.xcfilelist",
			);
			runOnlyForDeploymentPostprocessing = 0;
			shellPath = /bin/sh;
			shellScript = "\"${PODS_ROOT}/Target Support Files/Pods-MultipleFields_AllowEdit/Pods-MultipleFields_AllowEdit-frameworks.sh\"\n";
			showEnvVarsInLog = 0;
		};
/* End PBXShellScriptBuildPhase section */

/* Begin PBXSourcesBuildPhase section */
		C1908B362B354EB800491B0A /* Sources */ = {
			isa = PBXSourcesBuildPhase;
			buildActionMask = 2147483647;
			files = (
				C1908B542B3555F600491B0A /* CheckBoxCell.swift in Sources */,
				C1908B522B35515000491B0A /* FillDetailsVC.swift in Sources */,
				C1908B422B354EB800491B0A /* ViewController.swift in Sources */,
				C1908B3E2B354EB800491B0A /* AppDelegate.swift in Sources */,
				C1908B402B354EB800491B0A /* SceneDelegate.swift in Sources */,
				C1908B562B35561400491B0A /* TextFieldCell.swift in Sources */,
			);
			runOnlyForDeploymentPostprocessing = 0;
		};
/* End PBXSourcesBuildPhase section */

/* Begin PBXVariantGroup section */
		C1908B432B354EB800491B0A /* Main.storyboard */ = {
			isa = PBXVariantGroup;
			children = (
				C1908B442B354EB800491B0A /* Base */,
			);
			name = Main.storyboard;
			sourceTree = "<group>";
		};
		C1908B482B354EC000491B0A /* LaunchScreen.storyboard */ = {
			isa = PBXVariantGroup;
			children = (
				C1908B492B354EC000491B0A /* Base */,
			);
			name = LaunchScreen.storyboard;
			sourceTree = "<group>";
		};
/* End PBXVariantGroup section */

/* Begin XCBuildConfiguration section */
		C1908B4C2B354EC000491B0A /* Debug */ = {
			isa = XCBuildConfiguration;
			buildSettings = {
				ALWAYS_SEARCH_USER_PATHS = NO;
				CLANG_ANALYZER_NONNULL = YES;
				CLANG_ANALYZER_NUMBER_OBJECT_CONVERSION = YES_AGGRESSIVE;
				CLANG_CXX_LANGUAGE_STANDARD = "gnu++20";
				CLANG_ENABLE_MODULES = YES;
				CLANG_ENABLE_OBJC_ARC = YES;
				CLANG_ENABLE_OBJC_WEAK = YES;
				CLANG_WARN_BLOCK_CAPTURE_AUTORELEASING = YES;
				CLANG_WARN_BOOL_CONVERSION = YES;
				CLANG_WARN_COMMA = YES;
				CLANG_WARN_CONSTANT_CONVERSION = YES;
				CLANG_WARN_DEPRECATED_OBJC_IMPLEMENTATIONS = YES;
				CLANG_WARN_DIRECT_OBJC_ISA_USAGE = YES_ERROR;
				CLANG_WARN_DOCUMENTATION_COMMENTS = YES;
				CLANG_WARN_EMPTY_BODY = YES;
				CLANG_WARN_ENUM_CONVERSION = YES;
				CLANG_WARN_INFINITE_RECURSION = YES;
				CLANG_WARN_INT_CONVERSION = YES;
				CLANG_WARN_NON_LITERAL_NULL_CONVERSION = YES;
				CLANG_WARN_OBJC_IMPLICIT_RETAIN_SELF = YES;
				CLANG_WARN_OBJC_LITERAL_CONVERSION = YES;
				CLANG_WARN_OBJC_ROOT_CLASS = YES_ERROR;
				CLANG_WARN_QUOTED_INCLUDE_IN_FRAMEWORK_HEADER = YES;
				CLANG_WARN_RANGE_LOOP_ANALYSIS = YES;
				CLANG_WARN_STRICT_PROTOTYPES = YES;
				CLANG_WARN_SUSPICIOUS_MOVE = YES;
				CLANG_WARN_UNGUARDED_AVAILABILITY = YES_AGGRESSIVE;
				CLANG_WARN_UNREACHABLE_CODE = YES;
				CLANG_WARN__DUPLICATE_METHOD_MATCH = YES;
				COPY_PHASE_STRIP = NO;
				DEBUG_INFORMATION_FORMAT = dwarf;
				ENABLE_STRICT_OBJC_MSGSEND = YES;
				ENABLE_TESTABILITY = YES;
				GCC_C_LANGUAGE_STANDARD = gnu11;
				GCC_DYNAMIC_NO_PIC = NO;
				GCC_NO_COMMON_BLOCKS = YES;
				GCC_OPTIMIZATION_LEVEL = 0;
				GCC_PREPROCESSOR_DEFINITIONS = (
					"DEBUG=1",
					"$(inherited)",
				);
				GCC_WARN_64_TO_32_BIT_CONVERSION = YES;
				GCC_WARN_ABOUT_RETURN_TYPE = YES_ERROR;
				GCC_WARN_UNDECLARED_SELECTOR = YES;
				GCC_WARN_UNINITIALIZED_AUTOS = YES_AGGRESSIVE;
				GCC_WARN_UNUSED_FUNCTION = YES;
				GCC_WARN_UNUSED_VARIABLE = YES;
				IPHONEOS_DEPLOYMENT_TARGET = 16.4;
				MTL_ENABLE_DEBUG_INFO = INCLUDE_SOURCE;
				MTL_FAST_MATH = YES;
				ONLY_ACTIVE_ARCH = YES;
				SDKROOT = iphoneos;
				SWIFT_ACTIVE_COMPILATION_CONDITIONS = DEBUG;
				SWIFT_OPTIMIZATION_LEVEL = "-Onone";
			};
			name = Debug;
		};
		C1908B4D2B354EC000491B0A /* Release */ = {
			isa = XCBuildConfiguration;
			buildSettings = {
				ALWAYS_SEARCH_USER_PATHS = NO;
				CLANG_ANALYZER_NONNULL = YES;
				CLANG_ANALYZER_NUMBER_OBJECT_CONVERSION = YES_AGGRESSIVE;
				CLANG_CXX_LANGUAGE_STANDARD = "gnu++20";
				CLANG_ENABLE_MODULES = YES;
				CLANG_ENABLE_OBJC_ARC = YES;
				CLANG_ENABLE_OBJC_WEAK = YES;
				CLANG_WARN_BLOCK_CAPTURE_AUTORELEASING = YES;
				CLANG_WARN_BOOL_CONVERSION = YES;
				CLANG_WARN_COMMA = YES;
				CLANG_WARN_CONSTANT_CONVERSION = YES;
				CLANG_WARN_DEPRECATED_OBJC_IMPLEMENTATIONS = YES;
				CLANG_WARN_DIRECT_OBJC_ISA_USAGE = YES_ERROR;
				CLANG_WARN_DOCUMENTATION_COMMENTS = YES;
				CLANG_WARN_EMPTY_BODY = YES;
				CLANG_WARN_ENUM_CONVERSION = YES;
				CLANG_WARN_INFINITE_RECURSION = YES;
				CLANG_WARN_INT_CONVERSION = YES;
				CLANG_WARN_NON_LITERAL_NULL_CONVERSION = YES;
				CLANG_WARN_OBJC_IMPLICIT_RETAIN_SELF = YES;
				CLANG_WARN_OBJC_LITERAL_CONVERSION = YES;
				CLANG_WARN_OBJC_ROOT_CLASS = YES_ERROR;
				CLANG_WARN_QUOTED_INCLUDE_IN_FRAMEWORK_HEADER = YES;
				CLANG_WARN_RANGE_LOOP_ANALYSIS = YES;
				CLANG_WARN_STRICT_PROTOTYPES = YES;
				CLANG_WARN_SUSPICIOUS_MOVE = YES;
				CLANG_WARN_UNGUARDED_AVAILABILITY = YES_AGGRESSIVE;
				CLANG_WARN_UNREACHABLE_CODE = YES;
				CLANG_WARN__DUPLICATE_METHOD_MATCH = YES;
				COPY_PHASE_STRIP = NO;
				DEBUG_INFORMATION_FORMAT = "dwarf-with-dsym";
				ENABLE_NS_ASSERTIONS = NO;
				ENABLE_STRICT_OBJC_MSGSEND = YES;
				GCC_C_LANGUAGE_STANDARD = gnu11;
				GCC_NO_COMMON_BLOCKS = YES;
				GCC_WARN_64_TO_32_BIT_CONVERSION = YES;
				GCC_WARN_ABOUT_RETURN_TYPE = YES_ERROR;
				GCC_WARN_UNDECLARED_SELECTOR = YES;
				GCC_WARN_UNINITIALIZED_AUTOS = YES_AGGRESSIVE;
				GCC_WARN_UNUSED_FUNCTION = YES;
				GCC_WARN_UNUSED_VARIABLE = YES;
				IPHONEOS_DEPLOYMENT_TARGET = 16.4;
				MTL_ENABLE_DEBUG_INFO = NO;
				MTL_FAST_MATH = YES;
				SDKROOT = iphoneos;
				SWIFT_COMPILATION_MODE = wholemodule;
				SWIFT_OPTIMIZATION_LEVEL = "-O";
				VALIDATE_PRODUCT = YES;
			};
			name = Release;
		};
		C1908B4F2B354EC000491B0A /* Debug */ = {
			isa = XCBuildConfiguration;
			baseConfigurationReference = 87B47150C97C5320AF1EE0E4 /* Pods-MultipleFields_AllowEdit.debug.xcconfig */;
			buildSettings = {
				ASSETCATALOG_COMPILER_APPICON_NAME = AppIcon;
				ASSETCATALOG_COMPILER_GLOBAL_ACCENT_COLOR_NAME = AccentColor;
				CODE_SIGN_STYLE = Automatic;
				CURRENT_PROJECT_VERSION = 1;
				DEVELOPMENT_TEAM = LR4QG85CZD;
				GENERATE_INFOPLIST_FILE = YES;
				INFOPLIST_FILE = MultipleFields_AllowEdit/Info.plist;
				INFOPLIST_KEY_UIApplicationSupportsIndirectInputEvents = YES;
				INFOPLIST_KEY_UILaunchStoryboardName = LaunchScreen;
				INFOPLIST_KEY_UIMainStoryboardFile = Main;
				INFOPLIST_KEY_UISupportedInterfaceOrientations_iPad = "UIInterfaceOrientationPortrait UIInterfaceOrientationPortraitUpsideDown UIInterfaceOrientationLandscapeLeft UIInterfaceOrientationLandscapeRight";
				INFOPLIST_KEY_UISupportedInterfaceOrientations_iPhone = "UIInterfaceOrientationPortrait UIInterfaceOrientationLandscapeLeft UIInterfaceOrientationLandscapeRight";
				IPHONEOS_DEPLOYMENT_TARGET = 13.0;
				LD_RUNPATH_SEARCH_PATHS = (
					"$(inherited)",
					"@executable_path/Frameworks",
				);
				MARKETING_VERSION = 1.0;
				PRODUCT_BUNDLE_IDENTIFIER = "mallikarjun.MultipleFields-AllowEdit";
				PRODUCT_NAME = "$(TARGET_NAME)";
				SUPPORTED_PLATFORMS = "iphoneos iphonesimulator";
				SUPPORTS_MACCATALYST = NO;
				SUPPORTS_MAC_DESIGNED_FOR_IPHONE_IPAD = NO;
				SWIFT_EMIT_LOC_STRINGS = YES;
				SWIFT_VERSION = 5.0;
				TARGETED_DEVICE_FAMILY = "1,2";
			};
			name = Debug;
		};
		C1908B502B354EC000491B0A /* Release */ = {
			isa = XCBuildConfiguration;
			baseConfigurationReference = 2077D4D34E8867B4A72EEDB7 /* Pods-MultipleFields_AllowEdit.release.xcconfig */;
			buildSettings = {
				ASSETCATALOG_COMPILER_APPICON_NAME = AppIcon;
				ASSETCATALOG_COMPILER_GLOBAL_ACCENT_COLOR_NAME = AccentColor;
				CODE_SIGN_STYLE = Automatic;
				CURRENT_PROJECT_VERSION = 1;
				DEVELOPMENT_TEAM = LR4QG85CZD;
				GENERATE_INFOPLIST_FILE = YES;
				INFOPLIST_FILE = MultipleFields_AllowEdit/Info.plist;
				INFOPLIST_KEY_UIApplicationSupportsIndirectInputEvents = YES;
				INFOPLIST_KEY_UILaunchStoryboardName = LaunchScreen;
				INFOPLIST_KEY_UIMainStoryboardFile = Main;
				INFOPLIST_KEY_UISupportedInterfaceOrientations_iPad = "UIInterfaceOrientationPortrait UIInterfaceOrientationPortraitUpsideDown UIInterfaceOrientationLandscapeLeft UIInterfaceOrientationLandscapeRight";
				INFOPLIST_KEY_UISupportedInterfaceOrientations_iPhone = "UIInterfaceOrientationPortrait UIInterfaceOrientationLandscapeLeft UIInterfaceOrientationLandscapeRight";
				IPHONEOS_DEPLOYMENT_TARGET = 13.0;
				LD_RUNPATH_SEARCH_PATHS = (
					"$(inherited)",
					"@executable_path/Frameworks",
				);
				MARKETING_VERSION = 1.0;
				PRODUCT_BUNDLE_IDENTIFIER = "mallikarjun.MultipleFields-AllowEdit";
				PRODUCT_NAME = "$(TARGET_NAME)";
				SUPPORTED_PLATFORMS = "iphoneos iphonesimulator";
				SUPPORTS_MACCATALYST = NO;
				SUPPORTS_MAC_DESIGNED_FOR_IPHONE_IPAD = NO;
				SWIFT_EMIT_LOC_STRINGS = YES;
				SWIFT_VERSION = 5.0;
				TARGETED_DEVICE_FAMILY = "1,2";
			};
			name = Release;
		};
/* End XCBuildConfiguration section */

/* Begin XCConfigurationList section */
		C1908B352B354EB800491B0A /* Build configuration list for PBXProject "MultipleFields_AllowEdit" */ = {
			isa = XCConfigurationList;
			buildConfigurations = (
				C1908B4C2B354EC000491B0A /* Debug */,
				C1908B4D2B354EC000491B0A /* Release */,
			);
			defaultConfigurationIsVisible = 0;
			defaultConfigurationName = Release;
		};
		C1908B4E2B354EC000491B0A /* Build configuration list for PBXNativeTarget "MultipleFields_AllowEdit" */ = {
			isa = XCConfigurationList;
			buildConfigurations = (
				C1908B4F2B354EC000491B0A /* Debug */,
				C1908B502B354EC000491B0A /* Release */,
			);
			defaultConfigurationIsVisible = 0;
			defaultConfigurationName = Release;
		};
/* End XCConfigurationList section */
	};
	rootObject = C1908B322B354EB800491B0A /* Project object */;
}
