// !$*UTF8*$!
{
	archiveVersion = 1;
	classes = {
	};
	objectVersion = 50;
	objects = {

/* Begin PBXBuildFile section */
		C13D0B59265BD1020007A496 /* AppDelegate.swift in Sources */ = {isa = PBXBuildFile; fileRef = C13D0B58265BD1020007A496 /* AppDelegate.swift */; };
		C13D0B5B265BD1020007A496 /* SceneDelegate.swift in Sources */ = {isa = PBXBuildFile; fileRef = C13D0B5A265BD1020007A496 /* SceneDelegate.swift */; };
		C13D0B5D265BD1020007A496 /* ViewController.swift in Sources */ = {isa = PBXBuildFile; fileRef = C13D0B5C265BD1020007A496 /* ViewController.swift */; };
		C13D0B60265BD1020007A496 /* Main.storyboard in Resources */ = {isa = PBXBuildFile; fileRef = C13D0B5E265BD1020007A496 /* Main.storyboard */; };
		C13D0B62265BD1080007A496 /* Assets.xcassets in Resources */ = {isa = PBXBuildFile; fileRef = C13D0B61265BD1080007A496 /* Assets.xcassets */; };
		C13D0B65265BD1080007A496 /* LaunchScreen.storyboard in Resources */ = {isa = PBXBuildFile; fileRef = C13D0B63265BD1080007A496 /* LaunchScreen.storyboard */; };
		C1BEA14E2660DC91004C6BB9 /* SK-traditional-medicine.pdf in Resources */ = {isa = PBXBuildFile; fileRef = C1BEA14D2660DC91004C6BB9 /* SK-traditional-medicine.pdf */; };
		C1BEA1512660E273004C6BB9 /* ThumbnailTableViewCell.swift in Sources */ = {isa = PBXBuildFile; fileRef = C1BEA1502660E273004C6BB9 /* ThumbnailTableViewCell.swift */; };
/* End PBXBuildFile section */

/* Begin PBXFileReference section */
		C13D0B55265BD1020007A496 /* PDFReadderAndThumbnail.app */ = {isa = PBXFileReference; explicitFileType = wrapper.application; includeInIndex = 0; path = PDFReadderAndThumbnail.app; sourceTree = BUILT_PRODUCTS_DIR; };
		C13D0B58265BD1020007A496 /* AppDelegate.swift */ = {isa = PBXFileReference; lastKnownFileType = sourcecode.swift; path = AppDelegate.swift; sourceTree = "<group>"; };
		C13D0B5A265BD1020007A496 /* SceneDelegate.swift */ = {isa = PBXFileReference; lastKnownFileType = sourcecode.swift; path = SceneDelegate.swift; sourceTree = "<group>"; };
		C13D0B5C265BD1020007A496 /* ViewController.swift */ = {isa = PBXFileReference; lastKnownFileType = sourcecode.swift; path = ViewController.swift; sourceTree = "<group>"; };
		C13D0B5F265BD1020007A496 /* Base */ = {isa = PBXFileReference; lastKnownFileType = file.storyboard; name = Base; path = Base.lproj/Main.storyboard; sourceTree = "<group>"; };
		C13D0B61265BD1080007A496 /* Assets.xcassets */ = {isa = PBXFileReference; lastKnownFileType = folder.assetcatalog; path = Assets.xcassets; sourceTree = "<group>"; };
		C13D0B64265BD1080007A496 /* Base */ = {isa = PBXFileReference; lastKnownFileType = file.storyboard; name = Base; path = Base.lproj/LaunchScreen.storyboard; sourceTree = "<group>"; };
		C13D0B66265BD1080007A496 /* Info.plist */ = {isa = PBXFileReference; lastKnownFileType = text.plist.xml; path = Info.plist; sourceTree = "<group>"; };
		C1BEA14D2660DC91004C6BB9 /* SK-traditional-medicine.pdf */ = {isa = PBXFileReference; lastKnownFileType = image.pdf; path = "SK-traditional-medicine.pdf"; sourceTree = "<group>"; };
		C1BEA1502660E273004C6BB9 /* ThumbnailTableViewCell.swift */ = {isa = PBXFileReference; lastKnownFileType = sourcecode.swift; path = ThumbnailTableViewCell.swift; sourceTree = "<group>"; };
/* End PBXFileReference section */

/* Begin PBXFrameworksBuildPhase section */
		C13D0B52265BD1020007A496 /* Frameworks */ = {
			isa = PBXFrameworksBuildPhase;
			buildActionMask = 2147483647;
			files = (
			);
			runOnlyForDeploymentPostprocessing = 0;
		};
/* End PBXFrameworksBuildPhase section */

/* Begin PBXGroup section */
		C13D0B4C265BD1020007A496 = {
			isa = PBXGroup;
			children = (
				C13D0B57265BD1020007A496 /* PDFReadderAndThumbnail */,
				C13D0B56265BD1020007A496 /* Products */,
			);
			sourceTree = "<group>";
		};
		C13D0B56265BD1020007A496 /* Products */ = {
			isa = PBXGroup;
			children = (
				C13D0B55265BD1020007A496 /* PDFReadderAndThumbnail.app */,
			);
			name = Products;
			sourceTree = "<group>";
		};
		C13D0B57265BD1020007A496 /* PDFReadderAndThumbnail */ = {
			isa = PBXGroup;
			children = (
				C15E743027FC0BC800D133FE /* AppDelegate */,
				C15E743127FC0BFB00D133FE /* Controllers */,
				C1BEA14D2660DC91004C6BB9 /* SK-traditional-medicine.pdf */,
				C13D0B5E265BD1020007A496 /* Main.storyboard */,
				C13D0B61265BD1080007A496 /* Assets.xcassets */,
				C13D0B63265BD1080007A496 /* LaunchScreen.storyboard */,
				C13D0B66265BD1080007A496 /* Info.plist */,
			);
			path = PDFReadderAndThumbnail;
			sourceTree = "<group>";
		};
		C15E743027FC0BC800D133FE /* AppDelegate */ = {
			isa = PBXGroup;
			children = (
				C13D0B58265BD1020007A496 /* AppDelegate.swift */,
				C13D0B5A265BD1020007A496 /* SceneDelegate.swift */,
			);
			path = AppDelegate;
			sourceTree = "<group>";
		};
		C15E743127FC0BFB00D133FE /* Controllers */ = {
			isa = PBXGroup;
			children = (
				C13D0B5C265BD1020007A496 /* ViewController.swift */,
				C1BEA1502660E273004C6BB9 /* ThumbnailTableViewCell.swift */,
			);
			name = Controllers;
			sourceTree = "<group>";
		};
/* End PBXGroup section */

/* Begin PBXNativeTarget section */
		C13D0B54265BD1020007A496 /* PDFReadderAndThumbnail */ = {
			isa = PBXNativeTarget;
			buildConfigurationList = C13D0B69265BD1080007A496 /* Build configuration list for PBXNativeTarget "PDFReadderAndThumbnail" */;
			buildPhases = (
				C13D0B51265BD1020007A496 /* Sources */,
				C13D0B52265BD1020007A496 /* Frameworks */,
				C13D0B53265BD1020007A496 /* Resources */,
			);
			buildRules = (
			);
			dependencies = (
			);
			name = PDFReadderAndThumbnail;
			productName = PDFReadderAndThumbnail;
			productReference = C13D0B55265BD1020007A496 /* PDFReadderAndThumbnail.app */;
			productType = "com.apple.product-type.application";
		};
/* End PBXNativeTarget section */

/* Begin PBXProject section */
		C13D0B4D265BD1020007A496 /* Project object */ = {
			isa = PBXProject;
			attributes = {
				LastSwiftUpdateCheck = 1240;
				LastUpgradeCheck = 1240;
				TargetAttributes = {
					C13D0B54265BD1020007A496 = {
						CreatedOnToolsVersion = 12.4;
					};
				};
			};
			buildConfigurationList = C13D0B50265BD1020007A496 /* Build configuration list for PBXProject "PDFReadderAndThumbnail" */;
			compatibilityVersion = "Xcode 9.3";
			developmentRegion = en;
			hasScannedForEncodings = 0;
			knownRegions = (
				en,
				Base,
			);
			mainGroup = C13D0B4C265BD1020007A496;
			productRefGroup = C13D0B56265BD1020007A496 /* Products */;
			projectDirPath = "";
			projectRoot = "";
			targets = (
				C13D0B54265BD1020007A496 /* PDFReadderAndThumbnail */,
			);
		};
/* End PBXProject section */

/* Begin PBXResourcesBuildPhase section */
		C13D0B53265BD1020007A496 /* Resources */ = {
			isa = PBXResourcesBuildPhase;
			buildActionMask = 2147483647;
			files = (
				C1BEA14E2660DC91004C6BB9 /* SK-traditional-medicine.pdf in Resources */,
				C13D0B65265BD1080007A496 /* LaunchScreen.storyboard in Resources */,
				C13D0B62265BD1080007A496 /* Assets.xcassets in Resources */,
				C13D0B60265BD1020007A496 /* Main.storyboard in Resources */,
			);
			runOnlyForDeploymentPostprocessing = 0;
		};
/* End PBXResourcesBuildPhase section */

/* Begin PBXSourcesBuildPhase section */
		C13D0B51265BD1020007A496 /* Sources */ = {
			isa = PBXSourcesBuildPhase;
			buildActionMask = 2147483647;
			files = (
				C13D0B5D265BD1020007A496 /* ViewController.swift in Sources */,
				C13D0B59265BD1020007A496 /* AppDelegate.swift in Sources */,
				C1BEA1512660E273004C6BB9 /* ThumbnailTableViewCell.swift in Sources */,
				C13D0B5B265BD1020007A496 /* SceneDelegate.swift in Sources */,
			);
			runOnlyForDeploymentPostprocessing = 0;
		};
/* End PBXSourcesBuildPhase section */

/* Begin PBXVariantGroup section */
		C13D0B5E265BD1020007A496 /* Main.storyboard */ = {
			isa = PBXVariantGroup;
			children = (
				C13D0B5F265BD1020007A496 /* Base */,
			);
			name = Main.storyboard;
			sourceTree = "<group>";
		};
		C13D0B63265BD1080007A496 /* LaunchScreen.storyboard */ = {
			isa = PBXVariantGroup;
			children = (
				C13D0B64265BD1080007A496 /* Base */,
			);
			name = LaunchScreen.storyboard;
			sourceTree = "<group>";
		};
/* End PBXVariantGroup section */

/* Begin XCBuildConfiguration section */
		C13D0B67265BD1080007A496 /* Debug */ = {
			isa = XCBuildConfiguration;
			buildSettings = {
				ALWAYS_SEARCH_USER_PATHS = NO;
				CLANG_ANALYZER_NONNULL = YES;
				CLANG_ANALYZER_NUMBER_OBJECT_CONVERSION = YES_AGGRESSIVE;
				CLANG_CXX_LANGUAGE_STANDARD = "gnu++14";
				CLANG_CXX_LIBRARY = "libc++";
				CLANG_ENABLE_MODULES = YES;
				CLANG_ENABLE_OBJC_ARC = YES;
				CLANG_ENABLE_OBJC_WEAK = YES;
				CLANG_WARN_BLOCK_CAPTURE_AUTORELEASING = YES;
				CLANG_WARN_BOOL_CONVERSION = YES;
				CLANG_WARN_COMMA = YES;
				CLANG_WARN_CONSTANT_CONVERSION = YES;
				CLANG_WARN_DEPRECATED_OBJC_IMPLEMENTATIONS = YES;
				CLANG_WARN_DIRECT_OBJC_ISA_USAGE = YES_ERROR;
				CLANG_WARN_DOCUMENTATION_COMMENTS = YES;
				CLANG_WARN_EMPTY_BODY = YES;
				CLANG_WARN_ENUM_CONVERSION = YES;
				CLANG_WARN_INFINITE_RECURSION = YES;
				CLANG_WARN_INT_CONVERSION = YES;
				CLANG_WARN_NON_LITERAL_NULL_CONVERSION = YES;
				CLANG_WARN_OBJC_IMPLICIT_RETAIN_SELF = YES;
				CLANG_WARN_OBJC_LITERAL_CONVERSION = YES;
				CLANG_WARN_OBJC_ROOT_CLASS = YES_ERROR;
				CLANG_WARN_QUOTED_INCLUDE_IN_FRAMEWORK_HEADER = YES;
				CLANG_WARN_RANGE_LOOP_ANALYSIS = YES;
				CLANG_WARN_STRICT_PROTOTYPES = YES;
				CLANG_WARN_SUSPICIOUS_MOVE = YES;
				CLANG_WARN_UNGUARDED_AVAILABILITY = YES_AGGRESSIVE;
				CLANG_WARN_UNREACHABLE_CODE = YES;
				CLANG_WARN__DUPLICATE_METHOD_MATCH = YES;
				COPY_PHASE_STRIP = NO;
				DEBUG_INFORMATION_FORMAT = dwarf;
				ENABLE_STRICT_OBJC_MSGSEND = YES;
				ENABLE_TESTABILITY = YES;
				GCC_C_LANGUAGE_STANDARD = gnu11;
				GCC_DYNAMIC_NO_PIC = NO;
				GCC_NO_COMMON_BLOCKS = YES;
				GCC_OPTIMIZATION_LEVEL = 0;
				GCC_PREPROCESSOR_DEFINITIONS = (
					"DEBUG=1",
					"$(inherited)",
				);
				GCC_WARN_64_TO_32_BIT_CONVERSION = YES;
				GCC_WARN_ABOUT_RETURN_TYPE = YES_ERROR;
				GCC_WARN_UNDECLARED_SELECTOR = YES;
				GCC_WARN_UNINITIALIZED_AUTOS = YES_AGGRESSIVE;
				GCC_WARN_UNUSED_FUNCTION = YES;
				GCC_WARN_UNUSED_VARIABLE = YES;
				IPHONEOS_DEPLOYMENT_TARGET = 14.4;
				MTL_ENABLE_DEBUG_INFO = INCLUDE_SOURCE;
				MTL_FAST_MATH = YES;
				ONLY_ACTIVE_ARCH = YES;
				SDKROOT = iphoneos;
				SWIFT_ACTIVE_COMPILATION_CONDITIONS = DEBUG;
				SWIFT_OPTIMIZATION_LEVEL = "-Onone";
			};
			name = Debug;
		};
		C13D0B68265BD1080007A496 /* Release */ = {
			isa = XCBuildConfiguration;
			buildSettings = {
				ALWAYS_SEARCH_USER_PATHS = NO;
				CLANG_ANALYZER_NONNULL = YES;
				CLANG_ANALYZER_NUMBER_OBJECT_CONVERSION = YES_AGGRESSIVE;
				CLANG_CXX_LANGUAGE_STANDARD = "gnu++14";
				CLANG_CXX_LIBRARY = "libc++";
				CLANG_ENABLE_MODULES = YES;
				CLANG_ENABLE_OBJC_ARC = YES;
				CLANG_ENABLE_OBJC_WEAK = YES;
				CLANG_WARN_BLOCK_CAPTURE_AUTORELEASING = YES;
				CLANG_WARN_BOOL_CONVERSION = YES;
				CLANG_WARN_COMMA = YES;
				CLANG_WARN_CONSTANT_CONVERSION = YES;
				CLANG_WARN_DEPRECATED_OBJC_IMPLEMENTATIONS = YES;
				CLANG_WARN_DIRECT_OBJC_ISA_USAGE = YES_ERROR;
				CLANG_WARN_DOCUMENTATION_COMMENTS = YES;
				CLANG_WARN_EMPTY_BODY = YES;
				CLANG_WARN_ENUM_CONVERSION = YES;
				CLANG_WARN_INFINITE_RECURSION = YES;
				CLANG_WARN_INT_CONVERSION = YES;
				CLANG_WARN_NON_LITERAL_NULL_CONVERSION = YES;
				CLANG_WARN_OBJC_IMPLICIT_RETAIN_SELF = YES;
				CLANG_WARN_OBJC_LITERAL_CONVERSION = YES;
				CLANG_WARN_OBJC_ROOT_CLASS = YES_ERROR;
				CLANG_WARN_QUOTED_INCLUDE_IN_FRAMEWORK_HEADER = YES;
				CLANG_WARN_RANGE_LOOP_ANALYSIS = YES;
				CLANG_WARN_STRICT_PROTOTYPES = YES;
				CLANG_WARN_SUSPICIOUS_MOVE = YES;
				CLANG_WARN_UNGUARDED_AVAILABILITY = YES_AGGRESSIVE;
				CLANG_WARN_UNREACHABLE_CODE = YES;
				CLANG_WARN__DUPLICATE_METHOD_MATCH = YES;
				COPY_PHASE_STRIP = NO;
				DEBUG_INFORMATION_FORMAT = "dwarf-with-dsym";
				ENABLE_NS_ASSERTIONS = NO;
				ENABLE_STRICT_OBJC_MSGSEND = YES;
				GCC_C_LANGUAGE_STANDARD = gnu11;
				GCC_NO_COMMON_BLOCKS = YES;
				GCC_WARN_64_TO_32_BIT_CONVERSION = YES;
				GCC_WARN_ABOUT_RETURN_TYPE = YES_ERROR;
				GCC_WARN_UNDECLARED_SELECTOR = YES;
				GCC_WARN_UNINITIALIZED_AUTOS = YES_AGGRESSIVE;
				GCC_WARN_UNUSED_FUNCTION = YES;
				GCC_WARN_UNUSED_VARIABLE = YES;
				IPHONEOS_DEPLOYMENT_TARGET = 14.4;
				MTL_ENABLE_DEBUG_INFO = NO;
				MTL_FAST_MATH = YES;
				SDKROOT = iphoneos;
				SWIFT_COMPILATION_MODE = wholemodule;
				SWIFT_OPTIMIZATION_LEVEL = "-O";
				VALIDATE_PRODUCT = YES;
			};
			name = Release;
		};
		C13D0B6A265BD1080007A496 /* Debug */ = {
			isa = XCBuildConfiguration;
			buildSettings = {
				ASSETCATALOG_COMPILER_APPICON_NAME = AppIcon;
				ASSETCATALOG_COMPILER_GLOBAL_ACCENT_COLOR_NAME = AccentColor;
				CODE_SIGN_STYLE = Automatic;
				DEVELOPMENT_TEAM = LR4QG85CZD;
				INFOPLIST_FILE = PDFReadderAndThumbnail/Info.plist;
				LD_RUNPATH_SEARCH_PATHS = (
					"$(inherited)",
					"@executable_path/Frameworks",
				);
				PRODUCT_BUNDLE_IDENTIFIER = mallikarjun.PDFReadderAndThumbnail;
				PRODUCT_NAME = "$(TARGET_NAME)";
				SWIFT_VERSION = 5.0;
				TARGETED_DEVICE_FAMILY = "1,2";
			};
			name = Debug;
		};
		C13D0B6B265BD1080007A496 /* Release */ = {
			isa = XCBuildConfiguration;
			buildSettings = {
				ASSETCATALOG_COMPILER_APPICON_NAME = AppIcon;
				ASSETCATALOG_COMPILER_GLOBAL_ACCENT_COLOR_NAME = AccentColor;
				CODE_SIGN_STYLE = Automatic;
				DEVELOPMENT_TEAM = LR4QG85CZD;
				INFOPLIST_FILE = PDFReadderAndThumbnail/Info.plist;
				LD_RUNPATH_SEARCH_PATHS = (
					"$(inherited)",
					"@executable_path/Frameworks",
				);
				PRODUCT_BUNDLE_IDENTIFIER = mallikarjun.PDFReadderAndThumbnail;
				PRODUCT_NAME = "$(TARGET_NAME)";
				SWIFT_VERSION = 5.0;
				TARGETED_DEVICE_FAMILY = "1,2";
			};
			name = Release;
		};
/* End XCBuildConfiguration section */

/* Begin XCConfigurationList section */
		C13D0B50265BD1020007A496 /* Build configuration list for PBXProject "PDFReadderAndThumbnail" */ = {
			isa = XCConfigurationList;
			buildConfigurations = (
				C13D0B67265BD1080007A496 /* Debug */,
				C13D0B68265BD1080007A496 /* Release */,
			);
			defaultConfigurationIsVisible = 0;
			defaultConfigurationName = Release;
		};
		C13D0B69265BD1080007A496 /* Build configuration list for PBXNativeTarget "PDFReadderAndThumbnail" */ = {
			isa = XCConfigurationList;
			buildConfigurations = (
				C13D0B6A265BD1080007A496 /* Debug */,
				C13D0B6B265BD1080007A496 /* Release */,
			);
			defaultConfigurationIsVisible = 0;
			defaultConfigurationName = Release;
		};
/* End XCConfigurationList section */
	};
	rootObject = C13D0B4D265BD1020007A496 /* Project object */;
}
