// !$*UTF8*$!
{
	archiveVersion = 1;
	classes = {
	};
	objectVersion = 55;
	objects = {

/* Begin PBXBuildFile section */
		44551B4C2BFD675070D82179 /* Pods_RSSelectionMenu_Example.framework in Frameworks */ = {isa = PBXBuildFile; fileRef = 02DD05AA7D27A88E28C8D69C /* Pods_RSSelectionMenu_Example.framework */; };
		C172E2D1279919F100662097 /* AppDelegate.swift in Sources */ = {isa = PBXBuildFile; fileRef = C172E2D0279919F100662097 /* AppDelegate.swift */; };
		C172E2D3279919F100662097 /* SceneDelegate.swift in Sources */ = {isa = PBXBuildFile; fileRef = C172E2D2279919F100662097 /* SceneDelegate.swift */; };
		C172E2D5279919F100662097 /* ViewController.swift in Sources */ = {isa = PBXBuildFile; fileRef = C172E2D4279919F100662097 /* ViewController.swift */; };
		C172E2D8279919F100662097 /* Main.storyboard in Resources */ = {isa = PBXBuildFile; fileRef = C172E2D6279919F100662097 /* Main.storyboard */; };
		C172E2DA279919F400662097 /* Assets.xcassets in Resources */ = {isa = PBXBuildFile; fileRef = C172E2D9279919F400662097 /* Assets.xcassets */; };
		C172E2DD279919F400662097 /* LaunchScreen.storyboard in Resources */ = {isa = PBXBuildFile; fileRef = C172E2DB279919F400662097 /* LaunchScreen.storyboard */; };
/* End PBXBuildFile section */

/* Begin PBXFileReference section */
		02DD05AA7D27A88E28C8D69C /* Pods_RSSelectionMenu_Example.framework */ = {isa = PBXFileReference; explicitFileType = wrapper.framework; includeInIndex = 0; path = Pods_RSSelectionMenu_Example.framework; sourceTree = BUILT_PRODUCTS_DIR; };
		3BD8A3F5B5024FCC79A549AA /* Pods-RSSelectionMenu-Example.release.xcconfig */ = {isa = PBXFileReference; includeInIndex = 1; lastKnownFileType = text.xcconfig; name = "Pods-RSSelectionMenu-Example.release.xcconfig"; path = "Target Support Files/Pods-RSSelectionMenu-Example/Pods-RSSelectionMenu-Example.release.xcconfig"; sourceTree = "<group>"; };
		9942E655D571BBEB2451A266 /* Pods-RSSelectionMenu-Example.debug.xcconfig */ = {isa = PBXFileReference; includeInIndex = 1; lastKnownFileType = text.xcconfig; name = "Pods-RSSelectionMenu-Example.debug.xcconfig"; path = "Target Support Files/Pods-RSSelectionMenu-Example/Pods-RSSelectionMenu-Example.debug.xcconfig"; sourceTree = "<group>"; };
		C172E2CD279919F100662097 /* RSSelectionMenu-Example.app */ = {isa = PBXFileReference; explicitFileType = wrapper.application; includeInIndex = 0; path = "RSSelectionMenu-Example.app"; sourceTree = BUILT_PRODUCTS_DIR; };
		C172E2D0279919F100662097 /* AppDelegate.swift */ = {isa = PBXFileReference; lastKnownFileType = sourcecode.swift; path = AppDelegate.swift; sourceTree = "<group>"; };
		C172E2D2279919F100662097 /* SceneDelegate.swift */ = {isa = PBXFileReference; lastKnownFileType = sourcecode.swift; path = SceneDelegate.swift; sourceTree = "<group>"; };
		C172E2D4279919F100662097 /* ViewController.swift */ = {isa = PBXFileReference; lastKnownFileType = sourcecode.swift; path = ViewController.swift; sourceTree = "<group>"; };
		C172E2D7279919F100662097 /* Base */ = {isa = PBXFileReference; lastKnownFileType = file.storyboard; name = Base; path = Base.lproj/Main.storyboard; sourceTree = "<group>"; };
		C172E2D9279919F400662097 /* Assets.xcassets */ = {isa = PBXFileReference; lastKnownFileType = folder.assetcatalog; path = Assets.xcassets; sourceTree = "<group>"; };
		C172E2DC279919F400662097 /* Base */ = {isa = PBXFileReference; lastKnownFileType = file.storyboard; name = Base; path = Base.lproj/LaunchScreen.storyboard; sourceTree = "<group>"; };
		C172E2DE279919F400662097 /* Info.plist */ = {isa = PBXFileReference; lastKnownFileType = text.plist.xml; path = Info.plist; sourceTree = "<group>"; };
/* End PBXFileReference section */

/* Begin PBXFrameworksBuildPhase section */
		C172E2CA279919F100662097 /* Frameworks */ = {
			isa = PBXFrameworksBuildPhase;
			buildActionMask = 2147483647;
			files = (
				44551B4C2BFD675070D82179 /* Pods_RSSelectionMenu_Example.framework in Frameworks */,
			);
			runOnlyForDeploymentPostprocessing = 0;
		};
/* End PBXFrameworksBuildPhase section */

/* Begin PBXGroup section */
		27BB8A08EB6D38F65BB12B1A /* Pods */ = {
			isa = PBXGroup;
			children = (
				9942E655D571BBEB2451A266 /* Pods-RSSelectionMenu-Example.debug.xcconfig */,
				3BD8A3F5B5024FCC79A549AA /* Pods-RSSelectionMenu-Example.release.xcconfig */,
			);
			name = Pods;
			path = Pods;
			sourceTree = "<group>";
		};
		6705E8E8836E52C60269FC66 /* Frameworks */ = {
			isa = PBXGroup;
			children = (
				02DD05AA7D27A88E28C8D69C /* Pods_RSSelectionMenu_Example.framework */,
			);
			name = Frameworks;
			sourceTree = "<group>";
		};
		C172E2C4279919F100662097 = {
			isa = PBXGroup;
			children = (
				C172E2CF279919F100662097 /* RSSelectionMenu-Example */,
				C172E2CE279919F100662097 /* Products */,
				27BB8A08EB6D38F65BB12B1A /* Pods */,
				6705E8E8836E52C60269FC66 /* Frameworks */,
			);
			sourceTree = "<group>";
		};
		C172E2CE279919F100662097 /* Products */ = {
			isa = PBXGroup;
			children = (
				C172E2CD279919F100662097 /* RSSelectionMenu-Example.app */,
			);
			name = Products;
			sourceTree = "<group>";
		};
		C172E2CF279919F100662097 /* RSSelectionMenu-Example */ = {
			isa = PBXGroup;
			children = (
				C172E2D0279919F100662097 /* AppDelegate.swift */,
				C172E2D2279919F100662097 /* SceneDelegate.swift */,
				C172E2D4279919F100662097 /* ViewController.swift */,
				C172E2D6279919F100662097 /* Main.storyboard */,
				C172E2D9279919F400662097 /* Assets.xcassets */,
				C172E2DB279919F400662097 /* LaunchScreen.storyboard */,
				C172E2DE279919F400662097 /* Info.plist */,
			);
			path = "RSSelectionMenu-Example";
			sourceTree = "<group>";
		};
/* End PBXGroup section */

/* Begin PBXNativeTarget section */
		C172E2CC279919F100662097 /* RSSelectionMenu-Example */ = {
			isa = PBXNativeTarget;
			buildConfigurationList = C172E2E1279919F400662097 /* Build configuration list for PBXNativeTarget "RSSelectionMenu-Example" */;
			buildPhases = (
				BF858BFC716950B3AF39CBB1 /* [CP] Check Pods Manifest.lock */,
				C172E2C9279919F100662097 /* Sources */,
				C172E2CA279919F100662097 /* Frameworks */,
				C172E2CB279919F100662097 /* Resources */,
				982A839C7E2EF6D4DFFCA331 /* [CP] Embed Pods Frameworks */,
			);
			buildRules = (
			);
			dependencies = (
			);
			name = "RSSelectionMenu-Example";
			productName = "RSSelectionMenu-Example";
			productReference = C172E2CD279919F100662097 /* RSSelectionMenu-Example.app */;
			productType = "com.apple.product-type.application";
		};
/* End PBXNativeTarget section */

/* Begin PBXProject section */
		C172E2C5279919F100662097 /* Project object */ = {
			isa = PBXProject;
			attributes = {
				BuildIndependentTargetsInParallel = 1;
				LastSwiftUpdateCheck = 1310;
				LastUpgradeCheck = 1310;
				TargetAttributes = {
					C172E2CC279919F100662097 = {
						CreatedOnToolsVersion = 13.1;
					};
				};
			};
			buildConfigurationList = C172E2C8279919F100662097 /* Build configuration list for PBXProject "RSSelectionMenu-Example" */;
			compatibilityVersion = "Xcode 13.0";
			developmentRegion = en;
			hasScannedForEncodings = 0;
			knownRegions = (
				en,
				Base,
			);
			mainGroup = C172E2C4279919F100662097;
			productRefGroup = C172E2CE279919F100662097 /* Products */;
			projectDirPath = "";
			projectRoot = "";
			targets = (
				C172E2CC279919F100662097 /* RSSelectionMenu-Example */,
			);
		};
/* End PBXProject section */

/* Begin PBXResourcesBuildPhase section */
		C172E2CB279919F100662097 /* Resources */ = {
			isa = PBXResourcesBuildPhase;
			buildActionMask = 2147483647;
			files = (
				C172E2DD279919F400662097 /* LaunchScreen.storyboard in Resources */,
				C172E2DA279919F400662097 /* Assets.xcassets in Resources */,
				C172E2D8279919F100662097 /* Main.storyboard in Resources */,
			);
			runOnlyForDeploymentPostprocessing = 0;
		};
/* End PBXResourcesBuildPhase section */

/* Begin PBXShellScriptBuildPhase section */
		982A839C7E2EF6D4DFFCA331 /* [CP] Embed Pods Frameworks */ = {
			isa = PBXShellScriptBuildPhase;
			buildActionMask = 2147483647;
			files = (
			);
			inputFileListPaths = (
				"${PODS_ROOT}/Target Support Files/Pods-RSSelectionMenu-Example/Pods-RSSelectionMenu-Example-frameworks-${CONFIGURATION}-input-files.xcfilelist",
			);
			name = "[CP] Embed Pods Frameworks";
			outputFileListPaths = (
				"${PODS_ROOT}/Target Support Files/Pods-RSSelectionMenu-Example/Pods-RSSelectionMenu-Example-frameworks-${CONFIGURATION}-output-files.xcfilelist",
			);
			runOnlyForDeploymentPostprocessing = 0;
			shellPath = /bin/sh;
			shellScript = "\"${PODS_ROOT}/Target Support Files/Pods-RSSelectionMenu-Example/Pods-RSSelectionMenu-Example-frameworks.sh\"\n";
			showEnvVarsInLog = 0;
		};
		BF858BFC716950B3AF39CBB1 /* [CP] Check Pods Manifest.lock */ = {
			isa = PBXShellScriptBuildPhase;
			buildActionMask = 2147483647;
			files = (
			);
			inputFileListPaths = (
			);
			inputPaths = (
				"${PODS_PODFILE_DIR_PATH}/Podfile.lock",
				"${PODS_ROOT}/Manifest.lock",
			);
			name = "[CP] Check Pods Manifest.lock";
			outputFileListPaths = (
			);
			outputPaths = (
				"$(DERIVED_FILE_DIR)/Pods-RSSelectionMenu-Example-checkManifestLockResult.txt",
			);
			runOnlyForDeploymentPostprocessing = 0;
			shellPath = /bin/sh;
			shellScript = "diff \"${PODS_PODFILE_DIR_PATH}/Podfile.lock\" \"${PODS_ROOT}/Manifest.lock\" > /dev/null\nif [ $? != 0 ] ; then\n    # print error to STDERR\n    echo \"error: The sandbox is not in sync with the Podfile.lock. Run 'pod install' or update your CocoaPods installation.\" >&2\n    exit 1\nfi\n# This output is used by Xcode 'outputs' to avoid re-running this script phase.\necho \"SUCCESS\" > \"${SCRIPT_OUTPUT_FILE_0}\"\n";
			showEnvVarsInLog = 0;
		};
/* End PBXShellScriptBuildPhase section */

/* Begin PBXSourcesBuildPhase section */
		C172E2C9279919F100662097 /* Sources */ = {
			isa = PBXSourcesBuildPhase;
			buildActionMask = 2147483647;
			files = (
				C172E2D5279919F100662097 /* ViewController.swift in Sources */,
				C172E2D1279919F100662097 /* AppDelegate.swift in Sources */,
				C172E2D3279919F100662097 /* SceneDelegate.swift in Sources */,
			);
			runOnlyForDeploymentPostprocessing = 0;
		};
/* End PBXSourcesBuildPhase section */

/* Begin PBXVariantGroup section */
		C172E2D6279919F100662097 /* Main.storyboard */ = {
			isa = PBXVariantGroup;
			children = (
				C172E2D7279919F100662097 /* Base */,
			);
			name = Main.storyboard;
			sourceTree = "<group>";
		};
		C172E2DB279919F400662097 /* LaunchScreen.storyboard */ = {
			isa = PBXVariantGroup;
			children = (
				C172E2DC279919F400662097 /* Base */,
			);
			name = LaunchScreen.storyboard;
			sourceTree = "<group>";
		};
/* End PBXVariantGroup section */

/* Begin XCBuildConfiguration section */
		C172E2DF279919F400662097 /* Debug */ = {
			isa = XCBuildConfiguration;
			buildSettings = {
				ALWAYS_SEARCH_USER_PATHS = NO;
				CLANG_ANALYZER_NONNULL = YES;
				CLANG_ANALYZER_NUMBER_OBJECT_CONVERSION = YES_AGGRESSIVE;
				CLANG_CXX_LANGUAGE_STANDARD = "gnu++17";
				CLANG_CXX_LIBRARY = "libc++";
				CLANG_ENABLE_MODULES = YES;
				CLANG_ENABLE_OBJC_ARC = YES;
				CLANG_ENABLE_OBJC_WEAK = YES;
				CLANG_WARN_BLOCK_CAPTURE_AUTORELEASING = YES;
				CLANG_WARN_BOOL_CONVERSION = YES;
				CLANG_WARN_COMMA = YES;
				CLANG_WARN_CONSTANT_CONVERSION = YES;
				CLANG_WARN_DEPRECATED_OBJC_IMPLEMENTATIONS = YES;
				CLANG_WARN_DIRECT_OBJC_ISA_USAGE = YES_ERROR;
				CLANG_WARN_DOCUMENTATION_COMMENTS = YES;
				CLANG_WARN_EMPTY_BODY = YES;
				CLANG_WARN_ENUM_CONVERSION = YES;
				CLANG_WARN_INFINITE_RECURSION = YES;
				CLANG_WARN_INT_CONVERSION = YES;
				CLANG_WARN_NON_LITERAL_NULL_CONVERSION = YES;
				CLANG_WARN_OBJC_IMPLICIT_RETAIN_SELF = YES;
				CLANG_WARN_OBJC_LITERAL_CONVERSION = YES;
				CLANG_WARN_OBJC_ROOT_CLASS = YES_ERROR;
				CLANG_WARN_QUOTED_INCLUDE_IN_FRAMEWORK_HEADER = YES;
				CLANG_WARN_RANGE_LOOP_ANALYSIS = YES;
				CLANG_WARN_STRICT_PROTOTYPES = YES;
				CLANG_WARN_SUSPICIOUS_MOVE = YES;
				CLANG_WARN_UNGUARDED_AVAILABILITY = YES_AGGRESSIVE;
				CLANG_WARN_UNREACHABLE_CODE = YES;
				CLANG_WARN__DUPLICATE_METHOD_MATCH = YES;
				COPY_PHASE_STRIP = NO;
				DEBUG_INFORMATION_FORMAT = dwarf;
				ENABLE_STRICT_OBJC_MSGSEND = YES;
				ENABLE_TESTABILITY = YES;
				GCC_C_LANGUAGE_STANDARD = gnu11;
				GCC_DYNAMIC_NO_PIC = NO;
				GCC_NO_COMMON_BLOCKS = YES;
				GCC_OPTIMIZATION_LEVEL = 0;
				GCC_PREPROCESSOR_DEFINITIONS = (
					"DEBUG=1",
					"$(inherited)",
				);
				GCC_WARN_64_TO_32_BIT_CONVERSION = YES;
				GCC_WARN_ABOUT_RETURN_TYPE = YES_ERROR;
				GCC_WARN_UNDECLARED_SELECTOR = YES;
				GCC_WARN_UNINITIALIZED_AUTOS = YES_AGGRESSIVE;
				GCC_WARN_UNUSED_FUNCTION = YES;
				GCC_WARN_UNUSED_VARIABLE = YES;
				IPHONEOS_DEPLOYMENT_TARGET = 15.0;
				MTL_ENABLE_DEBUG_INFO = INCLUDE_SOURCE;
				MTL_FAST_MATH = YES;
				ONLY_ACTIVE_ARCH = YES;
				SDKROOT = iphoneos;
				SWIFT_ACTIVE_COMPILATION_CONDITIONS = DEBUG;
				SWIFT_OPTIMIZATION_LEVEL = "-Onone";
			};
			name = Debug;
		};
		C172E2E0279919F400662097 /* Release */ = {
			isa = XCBuildConfiguration;
			buildSettings = {
				ALWAYS_SEARCH_USER_PATHS = NO;
				CLANG_ANALYZER_NONNULL = YES;
				CLANG_ANALYZER_NUMBER_OBJECT_CONVERSION = YES_AGGRESSIVE;
				CLANG_CXX_LANGUAGE_STANDARD = "gnu++17";
				CLANG_CXX_LIBRARY = "libc++";
				CLANG_ENABLE_MODULES = YES;
				CLANG_ENABLE_OBJC_ARC = YES;
				CLANG_ENABLE_OBJC_WEAK = YES;
				CLANG_WARN_BLOCK_CAPTURE_AUTORELEASING = YES;
				CLANG_WARN_BOOL_CONVERSION = YES;
				CLANG_WARN_COMMA = YES;
				CLANG_WARN_CONSTANT_CONVERSION = YES;
				CLANG_WARN_DEPRECATED_OBJC_IMPLEMENTATIONS = YES;
				CLANG_WARN_DIRECT_OBJC_ISA_USAGE = YES_ERROR;
				CLANG_WARN_DOCUMENTATION_COMMENTS = YES;
				CLANG_WARN_EMPTY_BODY = YES;
				CLANG_WARN_ENUM_CONVERSION = YES;
				CLANG_WARN_INFINITE_RECURSION = YES;
				CLANG_WARN_INT_CONVERSION = YES;
				CLANG_WARN_NON_LITERAL_NULL_CONVERSION = YES;
				CLANG_WARN_OBJC_IMPLICIT_RETAIN_SELF = YES;
				CLANG_WARN_OBJC_LITERAL_CONVERSION = YES;
				CLANG_WARN_OBJC_ROOT_CLASS = YES_ERROR;
				CLANG_WARN_QUOTED_INCLUDE_IN_FRAMEWORK_HEADER = YES;
				CLANG_WARN_RANGE_LOOP_ANALYSIS = YES;
				CLANG_WARN_STRICT_PROTOTYPES = YES;
				CLANG_WARN_SUSPICIOUS_MOVE = YES;
				CLANG_WARN_UNGUARDED_AVAILABILITY = YES_AGGRESSIVE;
				CLANG_WARN_UNREACHABLE_CODE = YES;
				CLANG_WARN__DUPLICATE_METHOD_MATCH = YES;
				COPY_PHASE_STRIP = NO;
				DEBUG_INFORMATION_FORMAT = "dwarf-with-dsym";
				ENABLE_NS_ASSERTIONS = NO;
				ENABLE_STRICT_OBJC_MSGSEND = YES;
				GCC_C_LANGUAGE_STANDARD = gnu11;
				GCC_NO_COMMON_BLOCKS = YES;
				GCC_WARN_64_TO_32_BIT_CONVERSION = YES;
				GCC_WARN_ABOUT_RETURN_TYPE = YES_ERROR;
				GCC_WARN_UNDECLARED_SELECTOR = YES;
				GCC_WARN_UNINITIALIZED_AUTOS = YES_AGGRESSIVE;
				GCC_WARN_UNUSED_FUNCTION = YES;
				GCC_WARN_UNUSED_VARIABLE = YES;
				IPHONEOS_DEPLOYMENT_TARGET = 15.0;
				MTL_ENABLE_DEBUG_INFO = NO;
				MTL_FAST_MATH = YES;
				SDKROOT = iphoneos;
				SWIFT_COMPILATION_MODE = wholemodule;
				SWIFT_OPTIMIZATION_LEVEL = "-O";
				VALIDATE_PRODUCT = YES;
			};
			name = Release;
		};
		C172E2E2279919F400662097 /* Debug */ = {
			isa = XCBuildConfiguration;
			baseConfigurationReference = 9942E655D571BBEB2451A266 /* Pods-RSSelectionMenu-Example.debug.xcconfig */;
			buildSettings = {
				ASSETCATALOG_COMPILER_APPICON_NAME = AppIcon;
				ASSETCATALOG_COMPILER_GLOBAL_ACCENT_COLOR_NAME = AccentColor;
				CODE_SIGN_STYLE = Automatic;
				CURRENT_PROJECT_VERSION = 1;
				DEVELOPMENT_TEAM = LR4QG85CZD;
				GENERATE_INFOPLIST_FILE = YES;
				INFOPLIST_FILE = "RSSelectionMenu-Example/Info.plist";
				INFOPLIST_KEY_UIApplicationSupportsIndirectInputEvents = YES;
				INFOPLIST_KEY_UILaunchStoryboardName = LaunchScreen;
				INFOPLIST_KEY_UIMainStoryboardFile = Main;
				INFOPLIST_KEY_UISupportedInterfaceOrientations_iPad = "UIInterfaceOrientationPortrait UIInterfaceOrientationPortraitUpsideDown UIInterfaceOrientationLandscapeLeft UIInterfaceOrientationLandscapeRight";
				INFOPLIST_KEY_UISupportedInterfaceOrientations_iPhone = "UIInterfaceOrientationPortrait UIInterfaceOrientationLandscapeLeft UIInterfaceOrientationLandscapeRight";
				LD_RUNPATH_SEARCH_PATHS = (
					"$(inherited)",
					"@executable_path/Frameworks",
				);
				MARKETING_VERSION = 1.0;
				PRODUCT_BUNDLE_IDENTIFIER = "mallikarjun.RSSelectionMenu-Example";
				PRODUCT_NAME = "$(TARGET_NAME)";
				SWIFT_EMIT_LOC_STRINGS = YES;
				SWIFT_VERSION = 5.0;
				TARGETED_DEVICE_FAMILY = "1,2";
			};
			name = Debug;
		};
		C172E2E3279919F400662097 /* Release */ = {
			isa = XCBuildConfiguration;
			baseConfigurationReference = 3BD8A3F5B5024FCC79A549AA /* Pods-RSSelectionMenu-Example.release.xcconfig */;
			buildSettings = {
				ASSETCATALOG_COMPILER_APPICON_NAME = AppIcon;
				ASSETCATALOG_COMPILER_GLOBAL_ACCENT_COLOR_NAME = AccentColor;
				CODE_SIGN_STYLE = Automatic;
				CURRENT_PROJECT_VERSION = 1;
				DEVELOPMENT_TEAM = LR4QG85CZD;
				GENERATE_INFOPLIST_FILE = YES;
				INFOPLIST_FILE = "RSSelectionMenu-Example/Info.plist";
				INFOPLIST_KEY_UIApplicationSupportsIndirectInputEvents = YES;
				INFOPLIST_KEY_UILaunchStoryboardName = LaunchScreen;
				INFOPLIST_KEY_UIMainStoryboardFile = Main;
				INFOPLIST_KEY_UISupportedInterfaceOrientations_iPad = "UIInterfaceOrientationPortrait UIInterfaceOrientationPortraitUpsideDown UIInterfaceOrientationLandscapeLeft UIInterfaceOrientationLandscapeRight";
				INFOPLIST_KEY_UISupportedInterfaceOrientations_iPhone = "UIInterfaceOrientationPortrait UIInterfaceOrientationLandscapeLeft UIInterfaceOrientationLandscapeRight";
				LD_RUNPATH_SEARCH_PATHS = (
					"$(inherited)",
					"@executable_path/Frameworks",
				);
				MARKETING_VERSION = 1.0;
				PRODUCT_BUNDLE_IDENTIFIER = "mallikarjun.RSSelectionMenu-Example";
				PRODUCT_NAME = "$(TARGET_NAME)";
				SWIFT_EMIT_LOC_STRINGS = YES;
				SWIFT_VERSION = 5.0;
				TARGETED_DEVICE_FAMILY = "1,2";
			};
			name = Release;
		};
/* End XCBuildConfiguration section */

/* Begin XCConfigurationList section */
		C172E2C8279919F100662097 /* Build configuration list for PBXProject "RSSelectionMenu-Example" */ = {
			isa = XCConfigurationList;
			buildConfigurations = (
				C172E2DF279919F400662097 /* Debug */,
				C172E2E0279919F400662097 /* Release */,
			);
			defaultConfigurationIsVisible = 0;
			defaultConfigurationName = Release;
		};
		C172E2E1279919F400662097 /* Build configuration list for PBXNativeTarget "RSSelectionMenu-Example" */ = {
			isa = XCConfigurationList;
			buildConfigurations = (
				C172E2E2279919F400662097 /* Debug */,
				C172E2E3279919F400662097 /* Release */,
			);
			defaultConfigurationIsVisible = 0;
			defaultConfigurationName = Release;
		};
/* End XCConfigurationList section */
	};
	rootObject = C172E2C5279919F100662097 /* Project object */;
}
