PODS:
  - Alamofire (4.7.3)
  - FTPopOverMenu_Swift (0.0.9)
  - JJFloatingActionButton (0.10.0)
  - SVProgressHUD (2.2.5)
  - SwiftyJSON (4.2.0)

DEPENDENCIES:
  - Alamofire
  - FTPopOverMenu_Swift (~> 0.0.6)
  - JJFloatingActionButton
  - SVProgressHUD
  - SwiftyJSON

SPEC REPOS:
  https://github.com/cocoapods/specs.git:
    - Alamofire
    - FTPopOverMenu_Swift
    - JJFloatingActionButton
    - SVProgressHUD
    - SwiftyJSON

SPEC CHECKSUMS:
  Alamofire: c7287b6e5d7da964a70935e5db17046b7fde6568
  FTPopOverMenu_Swift: 3c1c01a5005a06230ea4b7b9f4a96300f5748bd7
  JJFloatingActionButton: 7e9e924d0819ebeb6a566dade9d5dbed63ff8add
  SVProgressHUD: 1428aafac632c1f86f62aa4243ec12008d7a51d6
  SwiftyJSON: c4bcba26dd9ec7a027fc8eade48e2c911f229e96

PODFILE CHECKSUM: 5873484fdae21a1c80db092638c949ba5446c509

COCOAPODS: 1.5.3
