// !$*UTF8*$!
{
	archiveVersion = 1;
	classes = {
	};
	objectVersion = 50;
	objects = {

/* Begin PBXBuildFile section */
		C10EF88826F83C6F00FF3CE7 /* AppDelegate.swift in Sources */ = {isa = PBXBuildFile; fileRef = C10EF88726F83C6F00FF3CE7 /* AppDelegate.swift */; };
		C10EF88A26F83C6F00FF3CE7 /* SceneDelegate.swift in Sources */ = {isa = PBXBuildFile; fileRef = C10EF88926F83C6F00FF3CE7 /* SceneDelegate.swift */; };
		C10EF88C26F83C6F00FF3CE7 /* ViewController.swift in Sources */ = {isa = PBXBuildFile; fileRef = C10EF88B26F83C6F00FF3CE7 /* ViewController.swift */; };
		C10EF88F26F83C6F00FF3CE7 /* Main.storyboard in Resources */ = {isa = PBXBuildFile; fileRef = C10EF88D26F83C6F00FF3CE7 /* Main.storyboard */; };
		C10EF89126F83C7000FF3CE7 /* Assets.xcassets in Resources */ = {isa = PBXBuildFile; fileRef = C10EF89026F83C7000FF3CE7 /* Assets.xcassets */; };
		C10EF89426F83C7000FF3CE7 /* LaunchScreen.storyboard in Resources */ = {isa = PBXBuildFile; fileRef = C10EF89226F83C7000FF3CE7 /* LaunchScreen.storyboard */; };
		C10EF89E26F83DED00FF3CE7 /* ImageTableViewCell.swift in Sources */ = {isa = PBXBuildFile; fileRef = C10EF89D26F83DED00FF3CE7 /* ImageTableViewCell.swift */; };
		C10EF8A126F8469D00FF3CE7 /* ImageLoader.swift in Sources */ = {isa = PBXBuildFile; fileRef = C10EF8A026F8469D00FF3CE7 /* ImageLoader.swift */; };
/* End PBXBuildFile section */

/* Begin PBXFileReference section */
		C10EF88426F83C6F00FF3CE7 /* LazyLoading-Example1.app */ = {isa = PBXFileReference; explicitFileType = wrapper.application; includeInIndex = 0; path = "LazyLoading-Example1.app"; sourceTree = BUILT_PRODUCTS_DIR; };
		C10EF88726F83C6F00FF3CE7 /* AppDelegate.swift */ = {isa = PBXFileReference; lastKnownFileType = sourcecode.swift; path = AppDelegate.swift; sourceTree = "<group>"; };
		C10EF88926F83C6F00FF3CE7 /* SceneDelegate.swift */ = {isa = PBXFileReference; lastKnownFileType = sourcecode.swift; path = SceneDelegate.swift; sourceTree = "<group>"; };
		C10EF88B26F83C6F00FF3CE7 /* ViewController.swift */ = {isa = PBXFileReference; lastKnownFileType = sourcecode.swift; path = ViewController.swift; sourceTree = "<group>"; };
		C10EF88E26F83C6F00FF3CE7 /* Base */ = {isa = PBXFileReference; lastKnownFileType = file.storyboard; name = Base; path = Base.lproj/Main.storyboard; sourceTree = "<group>"; };
		C10EF89026F83C7000FF3CE7 /* Assets.xcassets */ = {isa = PBXFileReference; lastKnownFileType = folder.assetcatalog; path = Assets.xcassets; sourceTree = "<group>"; };
		C10EF89326F83C7000FF3CE7 /* Base */ = {isa = PBXFileReference; lastKnownFileType = file.storyboard; name = Base; path = Base.lproj/LaunchScreen.storyboard; sourceTree = "<group>"; };
		C10EF89526F83C7000FF3CE7 /* Info.plist */ = {isa = PBXFileReference; lastKnownFileType = text.plist.xml; path = Info.plist; sourceTree = "<group>"; };
		C10EF89D26F83DED00FF3CE7 /* ImageTableViewCell.swift */ = {isa = PBXFileReference; lastKnownFileType = sourcecode.swift; path = ImageTableViewCell.swift; sourceTree = "<group>"; };
		C10EF8A026F8469D00FF3CE7 /* ImageLoader.swift */ = {isa = PBXFileReference; lastKnownFileType = sourcecode.swift; path = ImageLoader.swift; sourceTree = "<group>"; };
/* End PBXFileReference section */

/* Begin PBXFrameworksBuildPhase section */
		C10EF88126F83C6F00FF3CE7 /* Frameworks */ = {
			isa = PBXFrameworksBuildPhase;
			buildActionMask = 2147483647;
			files = (
			);
			runOnlyForDeploymentPostprocessing = 0;
		};
/* End PBXFrameworksBuildPhase section */

/* Begin PBXGroup section */
		C10EF87B26F83C6F00FF3CE7 = {
			isa = PBXGroup;
			children = (
				C10EF88626F83C6F00FF3CE7 /* LazyLoading-Example1 */,
				C10EF88526F83C6F00FF3CE7 /* Products */,
			);
			sourceTree = "<group>";
		};
		C10EF88526F83C6F00FF3CE7 /* Products */ = {
			isa = PBXGroup;
			children = (
				C10EF88426F83C6F00FF3CE7 /* LazyLoading-Example1.app */,
			);
			name = Products;
			sourceTree = "<group>";
		};
		C10EF88626F83C6F00FF3CE7 /* LazyLoading-Example1 */ = {
			isa = PBXGroup;
			children = (
				C10EF88726F83C6F00FF3CE7 /* AppDelegate.swift */,
				C10EF88926F83C6F00FF3CE7 /* SceneDelegate.swift */,
				C10EF88B26F83C6F00FF3CE7 /* ViewController.swift */,
				C10EF8A026F8469D00FF3CE7 /* ImageLoader.swift */,
				C10EF89D26F83DED00FF3CE7 /* ImageTableViewCell.swift */,
				C10EF88D26F83C6F00FF3CE7 /* Main.storyboard */,
				C10EF89026F83C7000FF3CE7 /* Assets.xcassets */,
				C10EF89226F83C7000FF3CE7 /* LaunchScreen.storyboard */,
				C10EF89526F83C7000FF3CE7 /* Info.plist */,
			);
			path = "LazyLoading-Example1";
			sourceTree = "<group>";
		};
/* End PBXGroup section */

/* Begin PBXNativeTarget section */
		C10EF88326F83C6F00FF3CE7 /* LazyLoading-Example1 */ = {
			isa = PBXNativeTarget;
			buildConfigurationList = C10EF89826F83C7000FF3CE7 /* Build configuration list for PBXNativeTarget "LazyLoading-Example1" */;
			buildPhases = (
				C10EF88026F83C6F00FF3CE7 /* Sources */,
				C10EF88126F83C6F00FF3CE7 /* Frameworks */,
				C10EF88226F83C6F00FF3CE7 /* Resources */,
			);
			buildRules = (
			);
			dependencies = (
			);
			name = "LazyLoading-Example1";
			productName = "LazyLoading-Example1";
			productReference = C10EF88426F83C6F00FF3CE7 /* LazyLoading-Example1.app */;
			productType = "com.apple.product-type.application";
		};
/* End PBXNativeTarget section */

/* Begin PBXProject section */
		C10EF87C26F83C6F00FF3CE7 /* Project object */ = {
			isa = PBXProject;
			attributes = {
				LastSwiftUpdateCheck = 1240;
				LastUpgradeCheck = 1240;
				TargetAttributes = {
					C10EF88326F83C6F00FF3CE7 = {
						CreatedOnToolsVersion = 12.4;
					};
				};
			};
			buildConfigurationList = C10EF87F26F83C6F00FF3CE7 /* Build configuration list for PBXProject "LazyLoading-Example1" */;
			compatibilityVersion = "Xcode 9.3";
			developmentRegion = en;
			hasScannedForEncodings = 0;
			knownRegions = (
				en,
				Base,
			);
			mainGroup = C10EF87B26F83C6F00FF3CE7;
			productRefGroup = C10EF88526F83C6F00FF3CE7 /* Products */;
			projectDirPath = "";
			projectRoot = "";
			targets = (
				C10EF88326F83C6F00FF3CE7 /* LazyLoading-Example1 */,
			);
		};
/* End PBXProject section */

/* Begin PBXResourcesBuildPhase section */
		C10EF88226F83C6F00FF3CE7 /* Resources */ = {
			isa = PBXResourcesBuildPhase;
			buildActionMask = 2147483647;
			files = (
				C10EF89426F83C7000FF3CE7 /* LaunchScreen.storyboard in Resources */,
				C10EF89126F83C7000FF3CE7 /* Assets.xcassets in Resources */,
				C10EF88F26F83C6F00FF3CE7 /* Main.storyboard in Resources */,
			);
			runOnlyForDeploymentPostprocessing = 0;
		};
/* End PBXResourcesBuildPhase section */

/* Begin PBXSourcesBuildPhase section */
		C10EF88026F83C6F00FF3CE7 /* Sources */ = {
			isa = PBXSourcesBuildPhase;
			buildActionMask = 2147483647;
			files = (
				C10EF88C26F83C6F00FF3CE7 /* ViewController.swift in Sources */,
				C10EF89E26F83DED00FF3CE7 /* ImageTableViewCell.swift in Sources */,
				C10EF8A126F8469D00FF3CE7 /* ImageLoader.swift in Sources */,
				C10EF88826F83C6F00FF3CE7 /* AppDelegate.swift in Sources */,
				C10EF88A26F83C6F00FF3CE7 /* SceneDelegate.swift in Sources */,
			);
			runOnlyForDeploymentPostprocessing = 0;
		};
/* End PBXSourcesBuildPhase section */

/* Begin PBXVariantGroup section */
		C10EF88D26F83C6F00FF3CE7 /* Main.storyboard */ = {
			isa = PBXVariantGroup;
			children = (
				C10EF88E26F83C6F00FF3CE7 /* Base */,
			);
			name = Main.storyboard;
			sourceTree = "<group>";
		};
		C10EF89226F83C7000FF3CE7 /* LaunchScreen.storyboard */ = {
			isa = PBXVariantGroup;
			children = (
				C10EF89326F83C7000FF3CE7 /* Base */,
			);
			name = LaunchScreen.storyboard;
			sourceTree = "<group>";
		};
/* End PBXVariantGroup section */

/* Begin XCBuildConfiguration section */
		C10EF89626F83C7000FF3CE7 /* Debug */ = {
			isa = XCBuildConfiguration;
			buildSettings = {
				ALWAYS_SEARCH_USER_PATHS = NO;
				CLANG_ANALYZER_NONNULL = YES;
				CLANG_ANALYZER_NUMBER_OBJECT_CONVERSION = YES_AGGRESSIVE;
				CLANG_CXX_LANGUAGE_STANDARD = "gnu++14";
				CLANG_CXX_LIBRARY = "libc++";
				CLANG_ENABLE_MODULES = YES;
				CLANG_ENABLE_OBJC_ARC = YES;
				CLANG_ENABLE_OBJC_WEAK = YES;
				CLANG_WARN_BLOCK_CAPTURE_AUTORELEASING = YES;
				CLANG_WARN_BOOL_CONVERSION = YES;
				CLANG_WARN_COMMA = YES;
				CLANG_WARN_CONSTANT_CONVERSION = YES;
				CLANG_WARN_DEPRECATED_OBJC_IMPLEMENTATIONS = YES;
				CLANG_WARN_DIRECT_OBJC_ISA_USAGE = YES_ERROR;
				CLANG_WARN_DOCUMENTATION_COMMENTS = YES;
				CLANG_WARN_EMPTY_BODY = YES;
				CLANG_WARN_ENUM_CONVERSION = YES;
				CLANG_WARN_INFINITE_RECURSION = YES;
				CLANG_WARN_INT_CONVERSION = YES;
				CLANG_WARN_NON_LITERAL_NULL_CONVERSION = YES;
				CLANG_WARN_OBJC_IMPLICIT_RETAIN_SELF = YES;
				CLANG_WARN_OBJC_LITERAL_CONVERSION = YES;
				CLANG_WARN_OBJC_ROOT_CLASS = YES_ERROR;
				CLANG_WARN_QUOTED_INCLUDE_IN_FRAMEWORK_HEADER = YES;
				CLANG_WARN_RANGE_LOOP_ANALYSIS = YES;
				CLANG_WARN_STRICT_PROTOTYPES = YES;
				CLANG_WARN_SUSPICIOUS_MOVE = YES;
				CLANG_WARN_UNGUARDED_AVAILABILITY = YES_AGGRESSIVE;
				CLANG_WARN_UNREACHABLE_CODE = YES;
				CLANG_WARN__DUPLICATE_METHOD_MATCH = YES;
				COPY_PHASE_STRIP = NO;
				DEBUG_INFORMATION_FORMAT = dwarf;
				ENABLE_STRICT_OBJC_MSGSEND = YES;
				ENABLE_TESTABILITY = YES;
				GCC_C_LANGUAGE_STANDARD = gnu11;
				GCC_DYNAMIC_NO_PIC = NO;
				GCC_NO_COMMON_BLOCKS = YES;
				GCC_OPTIMIZATION_LEVEL = 0;
				GCC_PREPROCESSOR_DEFINITIONS = (
					"DEBUG=1",
					"$(inherited)",
				);
				GCC_WARN_64_TO_32_BIT_CONVERSION = YES;
				GCC_WARN_ABOUT_RETURN_TYPE = YES_ERROR;
				GCC_WARN_UNDECLARED_SELECTOR = YES;
				GCC_WARN_UNINITIALIZED_AUTOS = YES_AGGRESSIVE;
				GCC_WARN_UNUSED_FUNCTION = YES;
				GCC_WARN_UNUSED_VARIABLE = YES;
				IPHONEOS_DEPLOYMENT_TARGET = 14.4;
				MTL_ENABLE_DEBUG_INFO = INCLUDE_SOURCE;
				MTL_FAST_MATH = YES;
				ONLY_ACTIVE_ARCH = YES;
				SDKROOT = iphoneos;
				SWIFT_ACTIVE_COMPILATION_CONDITIONS = DEBUG;
				SWIFT_OPTIMIZATION_LEVEL = "-Onone";
			};
			name = Debug;
		};
		C10EF89726F83C7000FF3CE7 /* Release */ = {
			isa = XCBuildConfiguration;
			buildSettings = {
				ALWAYS_SEARCH_USER_PATHS = NO;
				CLANG_ANALYZER_NONNULL = YES;
				CLANG_ANALYZER_NUMBER_OBJECT_CONVERSION = YES_AGGRESSIVE;
				CLANG_CXX_LANGUAGE_STANDARD = "gnu++14";
				CLANG_CXX_LIBRARY = "libc++";
				CLANG_ENABLE_MODULES = YES;
				CLANG_ENABLE_OBJC_ARC = YES;
				CLANG_ENABLE_OBJC_WEAK = YES;
				CLANG_WARN_BLOCK_CAPTURE_AUTORELEASING = YES;
				CLANG_WARN_BOOL_CONVERSION = YES;
				CLANG_WARN_COMMA = YES;
				CLANG_WARN_CONSTANT_CONVERSION = YES;
				CLANG_WARN_DEPRECATED_OBJC_IMPLEMENTATIONS = YES;
				CLANG_WARN_DIRECT_OBJC_ISA_USAGE = YES_ERROR;
				CLANG_WARN_DOCUMENTATION_COMMENTS = YES;
				CLANG_WARN_EMPTY_BODY = YES;
				CLANG_WARN_ENUM_CONVERSION = YES;
				CLANG_WARN_INFINITE_RECURSION = YES;
				CLANG_WARN_INT_CONVERSION = YES;
				CLANG_WARN_NON_LITERAL_NULL_CONVERSION = YES;
				CLANG_WARN_OBJC_IMPLICIT_RETAIN_SELF = YES;
				CLANG_WARN_OBJC_LITERAL_CONVERSION = YES;
				CLANG_WARN_OBJC_ROOT_CLASS = YES_ERROR;
				CLANG_WARN_QUOTED_INCLUDE_IN_FRAMEWORK_HEADER = YES;
				CLANG_WARN_RANGE_LOOP_ANALYSIS = YES;
				CLANG_WARN_STRICT_PROTOTYPES = YES;
				CLANG_WARN_SUSPICIOUS_MOVE = YES;
				CLANG_WARN_UNGUARDED_AVAILABILITY = YES_AGGRESSIVE;
				CLANG_WARN_UNREACHABLE_CODE = YES;
				CLANG_WARN__DUPLICATE_METHOD_MATCH = YES;
				COPY_PHASE_STRIP = NO;
				DEBUG_INFORMATION_FORMAT = "dwarf-with-dsym";
				ENABLE_NS_ASSERTIONS = NO;
				ENABLE_STRICT_OBJC_MSGSEND = YES;
				GCC_C_LANGUAGE_STANDARD = gnu11;
				GCC_NO_COMMON_BLOCKS = YES;
				GCC_WARN_64_TO_32_BIT_CONVERSION = YES;
				GCC_WARN_ABOUT_RETURN_TYPE = YES_ERROR;
				GCC_WARN_UNDECLARED_SELECTOR = YES;
				GCC_WARN_UNINITIALIZED_AUTOS = YES_AGGRESSIVE;
				GCC_WARN_UNUSED_FUNCTION = YES;
				GCC_WARN_UNUSED_VARIABLE = YES;
				IPHONEOS_DEPLOYMENT_TARGET = 14.4;
				MTL_ENABLE_DEBUG_INFO = NO;
				MTL_FAST_MATH = YES;
				SDKROOT = iphoneos;
				SWIFT_COMPILATION_MODE = wholemodule;
				SWIFT_OPTIMIZATION_LEVEL = "-O";
				VALIDATE_PRODUCT = YES;
			};
			name = Release;
		};
		C10EF89926F83C7000FF3CE7 /* Debug */ = {
			isa = XCBuildConfiguration;
			buildSettings = {
				ASSETCATALOG_COMPILER_APPICON_NAME = AppIcon;
				ASSETCATALOG_COMPILER_GLOBAL_ACCENT_COLOR_NAME = AccentColor;
				CODE_SIGN_STYLE = Automatic;
				DEVELOPMENT_TEAM = LR4QG85CZD;
				INFOPLIST_FILE = "LazyLoading-Example1/Info.plist";
				LD_RUNPATH_SEARCH_PATHS = (
					"$(inherited)",
					"@executable_path/Frameworks",
				);
				PRODUCT_BUNDLE_IDENTIFIER = "mallikarjun.LazyLoading-Example1";
				PRODUCT_NAME = "$(TARGET_NAME)";
				SWIFT_VERSION = 5.0;
				TARGETED_DEVICE_FAMILY = 1;
			};
			name = Debug;
		};
		C10EF89A26F83C7000FF3CE7 /* Release */ = {
			isa = XCBuildConfiguration;
			buildSettings = {
				ASSETCATALOG_COMPILER_APPICON_NAME = AppIcon;
				ASSETCATALOG_COMPILER_GLOBAL_ACCENT_COLOR_NAME = AccentColor;
				CODE_SIGN_STYLE = Automatic;
				DEVELOPMENT_TEAM = LR4QG85CZD;
				INFOPLIST_FILE = "LazyLoading-Example1/Info.plist";
				LD_RUNPATH_SEARCH_PATHS = (
					"$(inherited)",
					"@executable_path/Frameworks",
				);
				PRODUCT_BUNDLE_IDENTIFIER = "mallikarjun.LazyLoading-Example1";
				PRODUCT_NAME = "$(TARGET_NAME)";
				SWIFT_VERSION = 5.0;
				TARGETED_DEVICE_FAMILY = 1;
			};
			name = Release;
		};
/* End XCBuildConfiguration section */

/* Begin XCConfigurationList section */
		C10EF87F26F83C6F00FF3CE7 /* Build configuration list for PBXProject "LazyLoading-Example1" */ = {
			isa = XCConfigurationList;
			buildConfigurations = (
				C10EF89626F83C7000FF3CE7 /* Debug */,
				C10EF89726F83C7000FF3CE7 /* Release */,
			);
			defaultConfigurationIsVisible = 0;
			defaultConfigurationName = Release;
		};
		C10EF89826F83C7000FF3CE7 /* Build configuration list for PBXNativeTarget "LazyLoading-Example1" */ = {
			isa = XCConfigurationList;
			buildConfigurations = (
				C10EF89926F83C7000FF3CE7 /* Debug */,
				C10EF89A26F83C7000FF3CE7 /* Release */,
			);
			defaultConfigurationIsVisible = 0;
			defaultConfigurationName = Release;
		};
/* End XCConfigurationList section */
	};
	rootObject = C10EF87C26F83C6F00FF3CE7 /* Project object */;
}
