// !$*UTF8*$!
{
	archiveVersion = 1;
	classes = {
	};
	objectVersion = 50;
	objects = {

/* Begin PBXBuildFile section */
		C1B7D51826E236D000A15B3E /* AppDelegate.swift in Sources */ = {isa = PBXBuildFile; fileRef = C1B7D51726E236D000A15B3E /* AppDelegate.swift */; };
		C1B7D51A26E236D000A15B3E /* SceneDelegate.swift in Sources */ = {isa = PBXBuildFile; fileRef = C1B7D51926E236D000A15B3E /* SceneDelegate.swift */; };
		C1B7D51C26E236D000A15B3E /* ViewController.swift in Sources */ = {isa = PBXBuildFile; fileRef = C1B7D51B26E236D000A15B3E /* ViewController.swift */; };
		C1B7D51F26E236D000A15B3E /* Main.storyboard in Resources */ = {isa = PBXBuildFile; fileRef = C1B7D51D26E236D000A15B3E /* Main.storyboard */; };
		C1B7D52126E236D300A15B3E /* Assets.xcassets in Resources */ = {isa = PBXBuildFile; fileRef = C1B7D52026E236D300A15B3E /* Assets.xcassets */; };
		C1B7D52426E236D300A15B3E /* LaunchScreen.storyboard in Resources */ = {isa = PBXBuildFile; fileRef = C1B7D52226E236D300A15B3E /* LaunchScreen.storyboard */; };
		C1B7D53126E2397A00A15B3E /* HeaderTableViewCell.swift in Sources */ = {isa = PBXBuildFile; fileRef = C1B7D53026E2397A00A15B3E /* HeaderTableViewCell.swift */; };
		C1B7D53526E23C6500A15B3E /* ProfileDetailsTableViewCell.swift in Sources */ = {isa = PBXBuildFile; fileRef = C1B7D53426E23C6500A15B3E /* ProfileDetailsTableViewCell.swift */; };
		C1B7D53826E23C7600A15B3E /* SigningOrderTableViewCell.swift in Sources */ = {isa = PBXBuildFile; fileRef = C1B7D53726E23C7600A15B3E /* SigningOrderTableViewCell.swift */; };
/* End PBXBuildFile section */

/* Begin PBXFileReference section */
		C1B7D51426E236D000A15B3E /* Collapsible_Table_Section.app */ = {isa = PBXFileReference; explicitFileType = wrapper.application; includeInIndex = 0; path = Collapsible_Table_Section.app; sourceTree = BUILT_PRODUCTS_DIR; };
		C1B7D51726E236D000A15B3E /* AppDelegate.swift */ = {isa = PBXFileReference; lastKnownFileType = sourcecode.swift; path = AppDelegate.swift; sourceTree = "<group>"; };
		C1B7D51926E236D000A15B3E /* SceneDelegate.swift */ = {isa = PBXFileReference; lastKnownFileType = sourcecode.swift; path = SceneDelegate.swift; sourceTree = "<group>"; };
		C1B7D51B26E236D000A15B3E /* ViewController.swift */ = {isa = PBXFileReference; lastKnownFileType = sourcecode.swift; path = ViewController.swift; sourceTree = "<group>"; };
		C1B7D51E26E236D000A15B3E /* Base */ = {isa = PBXFileReference; lastKnownFileType = file.storyboard; name = Base; path = Base.lproj/Main.storyboard; sourceTree = "<group>"; };
		C1B7D52026E236D300A15B3E /* Assets.xcassets */ = {isa = PBXFileReference; lastKnownFileType = folder.assetcatalog; path = Assets.xcassets; sourceTree = "<group>"; };
		C1B7D52326E236D300A15B3E /* Base */ = {isa = PBXFileReference; lastKnownFileType = file.storyboard; name = Base; path = Base.lproj/LaunchScreen.storyboard; sourceTree = "<group>"; };
		C1B7D52526E236D300A15B3E /* Info.plist */ = {isa = PBXFileReference; lastKnownFileType = text.plist.xml; path = Info.plist; sourceTree = "<group>"; };
		C1B7D53026E2397A00A15B3E /* HeaderTableViewCell.swift */ = {isa = PBXFileReference; lastKnownFileType = sourcecode.swift; path = HeaderTableViewCell.swift; sourceTree = "<group>"; };
		C1B7D53426E23C6500A15B3E /* ProfileDetailsTableViewCell.swift */ = {isa = PBXFileReference; lastKnownFileType = sourcecode.swift; path = ProfileDetailsTableViewCell.swift; sourceTree = "<group>"; };
		C1B7D53726E23C7600A15B3E /* SigningOrderTableViewCell.swift */ = {isa = PBXFileReference; lastKnownFileType = sourcecode.swift; path = SigningOrderTableViewCell.swift; sourceTree = "<group>"; };
/* End PBXFileReference section */

/* Begin PBXFrameworksBuildPhase section */
		C1B7D51126E236D000A15B3E /* Frameworks */ = {
			isa = PBXFrameworksBuildPhase;
			buildActionMask = 2147483647;
			files = (
			);
			runOnlyForDeploymentPostprocessing = 0;
		};
/* End PBXFrameworksBuildPhase section */

/* Begin PBXGroup section */
		C1B7D50B26E236D000A15B3E = {
			isa = PBXGroup;
			children = (
				C1B7D51626E236D000A15B3E /* Collapsible_Table_Section */,
				C1B7D51526E236D000A15B3E /* Products */,
			);
			sourceTree = "<group>";
		};
		C1B7D51526E236D000A15B3E /* Products */ = {
			isa = PBXGroup;
			children = (
				C1B7D51426E236D000A15B3E /* Collapsible_Table_Section.app */,
			);
			name = Products;
			sourceTree = "<group>";
		};
		C1B7D51626E236D000A15B3E /* Collapsible_Table_Section */ = {
			isa = PBXGroup;
			children = (
				C1B7D51726E236D000A15B3E /* AppDelegate.swift */,
				C1B7D51926E236D000A15B3E /* SceneDelegate.swift */,
				C1B7D51B26E236D000A15B3E /* ViewController.swift */,
				C1B7D53026E2397A00A15B3E /* HeaderTableViewCell.swift */,
				C1B7D53426E23C6500A15B3E /* ProfileDetailsTableViewCell.swift */,
				C1B7D53726E23C7600A15B3E /* SigningOrderTableViewCell.swift */,
				C1B7D51D26E236D000A15B3E /* Main.storyboard */,
				C1B7D52026E236D300A15B3E /* Assets.xcassets */,
				C1B7D52226E236D300A15B3E /* LaunchScreen.storyboard */,
				C1B7D52526E236D300A15B3E /* Info.plist */,
			);
			path = Collapsible_Table_Section;
			sourceTree = "<group>";
		};
/* End PBXGroup section */

/* Begin PBXNativeTarget section */
		C1B7D51326E236D000A15B3E /* Collapsible_Table_Section */ = {
			isa = PBXNativeTarget;
			buildConfigurationList = C1B7D52826E236D300A15B3E /* Build configuration list for PBXNativeTarget "Collapsible_Table_Section" */;
			buildPhases = (
				C1B7D51026E236D000A15B3E /* Sources */,
				C1B7D51126E236D000A15B3E /* Frameworks */,
				C1B7D51226E236D000A15B3E /* Resources */,
			);
			buildRules = (
			);
			dependencies = (
			);
			name = Collapsible_Table_Section;
			productName = Collapsible_Table_Section;
			productReference = C1B7D51426E236D000A15B3E /* Collapsible_Table_Section.app */;
			productType = "com.apple.product-type.application";
		};
/* End PBXNativeTarget section */

/* Begin PBXProject section */
		C1B7D50C26E236D000A15B3E /* Project object */ = {
			isa = PBXProject;
			attributes = {
				LastSwiftUpdateCheck = 1240;
				LastUpgradeCheck = 1240;
				TargetAttributes = {
					C1B7D51326E236D000A15B3E = {
						CreatedOnToolsVersion = 12.4;
					};
				};
			};
			buildConfigurationList = C1B7D50F26E236D000A15B3E /* Build configuration list for PBXProject "Collapsible_Table_Section" */;
			compatibilityVersion = "Xcode 9.3";
			developmentRegion = en;
			hasScannedForEncodings = 0;
			knownRegions = (
				en,
				Base,
			);
			mainGroup = C1B7D50B26E236D000A15B3E;
			productRefGroup = C1B7D51526E236D000A15B3E /* Products */;
			projectDirPath = "";
			projectRoot = "";
			targets = (
				C1B7D51326E236D000A15B3E /* Collapsible_Table_Section */,
			);
		};
/* End PBXProject section */

/* Begin PBXResourcesBuildPhase section */
		C1B7D51226E236D000A15B3E /* Resources */ = {
			isa = PBXResourcesBuildPhase;
			buildActionMask = 2147483647;
			files = (
				C1B7D52426E236D300A15B3E /* LaunchScreen.storyboard in Resources */,
				C1B7D52126E236D300A15B3E /* Assets.xcassets in Resources */,
				C1B7D51F26E236D000A15B3E /* Main.storyboard in Resources */,
			);
			runOnlyForDeploymentPostprocessing = 0;
		};
/* End PBXResourcesBuildPhase section */

/* Begin PBXSourcesBuildPhase section */
		C1B7D51026E236D000A15B3E /* Sources */ = {
			isa = PBXSourcesBuildPhase;
			buildActionMask = 2147483647;
			files = (
				C1B7D51C26E236D000A15B3E /* ViewController.swift in Sources */,
				C1B7D53126E2397A00A15B3E /* HeaderTableViewCell.swift in Sources */,
				C1B7D51826E236D000A15B3E /* AppDelegate.swift in Sources */,
				C1B7D53526E23C6500A15B3E /* ProfileDetailsTableViewCell.swift in Sources */,
				C1B7D53826E23C7600A15B3E /* SigningOrderTableViewCell.swift in Sources */,
				C1B7D51A26E236D000A15B3E /* SceneDelegate.swift in Sources */,
			);
			runOnlyForDeploymentPostprocessing = 0;
		};
/* End PBXSourcesBuildPhase section */

/* Begin PBXVariantGroup section */
		C1B7D51D26E236D000A15B3E /* Main.storyboard */ = {
			isa = PBXVariantGroup;
			children = (
				C1B7D51E26E236D000A15B3E /* Base */,
			);
			name = Main.storyboard;
			sourceTree = "<group>";
		};
		C1B7D52226E236D300A15B3E /* LaunchScreen.storyboard */ = {
			isa = PBXVariantGroup;
			children = (
				C1B7D52326E236D300A15B3E /* Base */,
			);
			name = LaunchScreen.storyboard;
			sourceTree = "<group>";
		};
/* End PBXVariantGroup section */

/* Begin XCBuildConfiguration section */
		C1B7D52626E236D300A15B3E /* Debug */ = {
			isa = XCBuildConfiguration;
			buildSettings = {
				ALWAYS_SEARCH_USER_PATHS = NO;
				CLANG_ANALYZER_NONNULL = YES;
				CLANG_ANALYZER_NUMBER_OBJECT_CONVERSION = YES_AGGRESSIVE;
				CLANG_CXX_LANGUAGE_STANDARD = "gnu++14";
				CLANG_CXX_LIBRARY = "libc++";
				CLANG_ENABLE_MODULES = YES;
				CLANG_ENABLE_OBJC_ARC = YES;
				CLANG_ENABLE_OBJC_WEAK = YES;
				CLANG_WARN_BLOCK_CAPTURE_AUTORELEASING = YES;
				CLANG_WARN_BOOL_CONVERSION = YES;
				CLANG_WARN_COMMA = YES;
				CLANG_WARN_CONSTANT_CONVERSION = YES;
				CLANG_WARN_DEPRECATED_OBJC_IMPLEMENTATIONS = YES;
				CLANG_WARN_DIRECT_OBJC_ISA_USAGE = YES_ERROR;
				CLANG_WARN_DOCUMENTATION_COMMENTS = YES;
				CLANG_WARN_EMPTY_BODY = YES;
				CLANG_WARN_ENUM_CONVERSION = YES;
				CLANG_WARN_INFINITE_RECURSION = YES;
				CLANG_WARN_INT_CONVERSION = YES;
				CLANG_WARN_NON_LITERAL_NULL_CONVERSION = YES;
				CLANG_WARN_OBJC_IMPLICIT_RETAIN_SELF = YES;
				CLANG_WARN_OBJC_LITERAL_CONVERSION = YES;
				CLANG_WARN_OBJC_ROOT_CLASS = YES_ERROR;
				CLANG_WARN_QUOTED_INCLUDE_IN_FRAMEWORK_HEADER = YES;
				CLANG_WARN_RANGE_LOOP_ANALYSIS = YES;
				CLANG_WARN_STRICT_PROTOTYPES = YES;
				CLANG_WARN_SUSPICIOUS_MOVE = YES;
				CLANG_WARN_UNGUARDED_AVAILABILITY = YES_AGGRESSIVE;
				CLANG_WARN_UNREACHABLE_CODE = YES;
				CLANG_WARN__DUPLICATE_METHOD_MATCH = YES;
				COPY_PHASE_STRIP = NO;
				DEBUG_INFORMATION_FORMAT = dwarf;
				ENABLE_STRICT_OBJC_MSGSEND = YES;
				ENABLE_TESTABILITY = YES;
				GCC_C_LANGUAGE_STANDARD = gnu11;
				GCC_DYNAMIC_NO_PIC = NO;
				GCC_NO_COMMON_BLOCKS = YES;
				GCC_OPTIMIZATION_LEVEL = 0;
				GCC_PREPROCESSOR_DEFINITIONS = (
					"DEBUG=1",
					"$(inherited)",
				);
				GCC_WARN_64_TO_32_BIT_CONVERSION = YES;
				GCC_WARN_ABOUT_RETURN_TYPE = YES_ERROR;
				GCC_WARN_UNDECLARED_SELECTOR = YES;
				GCC_WARN_UNINITIALIZED_AUTOS = YES_AGGRESSIVE;
				GCC_WARN_UNUSED_FUNCTION = YES;
				GCC_WARN_UNUSED_VARIABLE = YES;
				IPHONEOS_DEPLOYMENT_TARGET = 14.4;
				MTL_ENABLE_DEBUG_INFO = INCLUDE_SOURCE;
				MTL_FAST_MATH = YES;
				ONLY_ACTIVE_ARCH = YES;
				SDKROOT = iphoneos;
				SWIFT_ACTIVE_COMPILATION_CONDITIONS = DEBUG;
				SWIFT_OPTIMIZATION_LEVEL = "-Onone";
			};
			name = Debug;
		};
		C1B7D52726E236D300A15B3E /* Release */ = {
			isa = XCBuildConfiguration;
			buildSettings = {
				ALWAYS_SEARCH_USER_PATHS = NO;
				CLANG_ANALYZER_NONNULL = YES;
				CLANG_ANALYZER_NUMBER_OBJECT_CONVERSION = YES_AGGRESSIVE;
				CLANG_CXX_LANGUAGE_STANDARD = "gnu++14";
				CLANG_CXX_LIBRARY = "libc++";
				CLANG_ENABLE_MODULES = YES;
				CLANG_ENABLE_OBJC_ARC = YES;
				CLANG_ENABLE_OBJC_WEAK = YES;
				CLANG_WARN_BLOCK_CAPTURE_AUTORELEASING = YES;
				CLANG_WARN_BOOL_CONVERSION = YES;
				CLANG_WARN_COMMA = YES;
				CLANG_WARN_CONSTANT_CONVERSION = YES;
				CLANG_WARN_DEPRECATED_OBJC_IMPLEMENTATIONS = YES;
				CLANG_WARN_DIRECT_OBJC_ISA_USAGE = YES_ERROR;
				CLANG_WARN_DOCUMENTATION_COMMENTS = YES;
				CLANG_WARN_EMPTY_BODY = YES;
				CLANG_WARN_ENUM_CONVERSION = YES;
				CLANG_WARN_INFINITE_RECURSION = YES;
				CLANG_WARN_INT_CONVERSION = YES;
				CLANG_WARN_NON_LITERAL_NULL_CONVERSION = YES;
				CLANG_WARN_OBJC_IMPLICIT_RETAIN_SELF = YES;
				CLANG_WARN_OBJC_LITERAL_CONVERSION = YES;
				CLANG_WARN_OBJC_ROOT_CLASS = YES_ERROR;
				CLANG_WARN_QUOTED_INCLUDE_IN_FRAMEWORK_HEADER = YES;
				CLANG_WARN_RANGE_LOOP_ANALYSIS = YES;
				CLANG_WARN_STRICT_PROTOTYPES = YES;
				CLANG_WARN_SUSPICIOUS_MOVE = YES;
				CLANG_WARN_UNGUARDED_AVAILABILITY = YES_AGGRESSIVE;
				CLANG_WARN_UNREACHABLE_CODE = YES;
				CLANG_WARN__DUPLICATE_METHOD_MATCH = YES;
				COPY_PHASE_STRIP = NO;
				DEBUG_INFORMATION_FORMAT = "dwarf-with-dsym";
				ENABLE_NS_ASSERTIONS = NO;
				ENABLE_STRICT_OBJC_MSGSEND = YES;
				GCC_C_LANGUAGE_STANDARD = gnu11;
				GCC_NO_COMMON_BLOCKS = YES;
				GCC_WARN_64_TO_32_BIT_CONVERSION = YES;
				GCC_WARN_ABOUT_RETURN_TYPE = YES_ERROR;
				GCC_WARN_UNDECLARED_SELECTOR = YES;
				GCC_WARN_UNINITIALIZED_AUTOS = YES_AGGRESSIVE;
				GCC_WARN_UNUSED_FUNCTION = YES;
				GCC_WARN_UNUSED_VARIABLE = YES;
				IPHONEOS_DEPLOYMENT_TARGET = 14.4;
				MTL_ENABLE_DEBUG_INFO = NO;
				MTL_FAST_MATH = YES;
				SDKROOT = iphoneos;
				SWIFT_COMPILATION_MODE = wholemodule;
				SWIFT_OPTIMIZATION_LEVEL = "-O";
				VALIDATE_PRODUCT = YES;
			};
			name = Release;
		};
		C1B7D52926E236D300A15B3E /* Debug */ = {
			isa = XCBuildConfiguration;
			buildSettings = {
				ASSETCATALOG_COMPILER_APPICON_NAME = AppIcon;
				ASSETCATALOG_COMPILER_GLOBAL_ACCENT_COLOR_NAME = AccentColor;
				CODE_SIGN_STYLE = Automatic;
				DEVELOPMENT_TEAM = LR4QG85CZD;
				INFOPLIST_FILE = Collapsible_Table_Section/Info.plist;
				LD_RUNPATH_SEARCH_PATHS = (
					"$(inherited)",
					"@executable_path/Frameworks",
				);
				PRODUCT_BUNDLE_IDENTIFIER = "mallikarjun.Collapsible-Table-Section";
				PRODUCT_NAME = "$(TARGET_NAME)";
				SWIFT_VERSION = 5.0;
				TARGETED_DEVICE_FAMILY = 1;
			};
			name = Debug;
		};
		C1B7D52A26E236D300A15B3E /* Release */ = {
			isa = XCBuildConfiguration;
			buildSettings = {
				ASSETCATALOG_COMPILER_APPICON_NAME = AppIcon;
				ASSETCATALOG_COMPILER_GLOBAL_ACCENT_COLOR_NAME = AccentColor;
				CODE_SIGN_STYLE = Automatic;
				DEVELOPMENT_TEAM = LR4QG85CZD;
				INFOPLIST_FILE = Collapsible_Table_Section/Info.plist;
				LD_RUNPATH_SEARCH_PATHS = (
					"$(inherited)",
					"@executable_path/Frameworks",
				);
				PRODUCT_BUNDLE_IDENTIFIER = "mallikarjun.Collapsible-Table-Section";
				PRODUCT_NAME = "$(TARGET_NAME)";
				SWIFT_VERSION = 5.0;
				TARGETED_DEVICE_FAMILY = 1;
			};
			name = Release;
		};
/* End XCBuildConfiguration section */

/* Begin XCConfigurationList section */
		C1B7D50F26E236D000A15B3E /* Build configuration list for PBXProject "Collapsible_Table_Section" */ = {
			isa = XCConfigurationList;
			buildConfigurations = (
				C1B7D52626E236D300A15B3E /* Debug */,
				C1B7D52726E236D300A15B3E /* Release */,
			);
			defaultConfigurationIsVisible = 0;
			defaultConfigurationName = Release;
		};
		C1B7D52826E236D300A15B3E /* Build configuration list for PBXNativeTarget "Collapsible_Table_Section" */ = {
			isa = XCConfigurationList;
			buildConfigurations = (
				C1B7D52926E236D300A15B3E /* Debug */,
				C1B7D52A26E236D300A15B3E /* Release */,
			);
			defaultConfigurationIsVisible = 0;
			defaultConfigurationName = Release;
		};
/* End XCConfigurationList section */
	};
	rootObject = C1B7D50C26E236D000A15B3E /* Project object */;
}
