// !$*UTF8*$!
{
	archiveVersion = 1;
	classes = {
	};
	objectVersion = 51;
	objects = {

/* Begin PBXBuildFile section */
		4F02B4983AC2B2ACBB86F216 /* Pods_iOSDropdown_RSSelectionMenu.framework in Frameworks */ = {isa = PBXBuildFile; fileRef = 99D00EEB3BB2099B5E225252 /* Pods_iOSDropdown_RSSelectionMenu.framework */; };
		C1A6F1CB2653C05E0026DB62 /* AppDelegate.swift in Sources */ = {isa = PBXBuildFile; fileRef = C1A6F1CA2653C05E0026DB62 /* AppDelegate.swift */; };
		C1A6F1CD2653C05E0026DB62 /* SceneDelegate.swift in Sources */ = {isa = PBXBuildFile; fileRef = C1A6F1CC2653C05E0026DB62 /* SceneDelegate.swift */; };
		C1A6F1CF2653C05E0026DB62 /* ViewController.swift in Sources */ = {isa = PBXBuildFile; fileRef = C1A6F1CE2653C05E0026DB62 /* ViewController.swift */; };
		C1A6F1D22653C05E0026DB62 /* Main.storyboard in Resources */ = {isa = PBXBuildFile; fileRef = C1A6F1D02653C05E0026DB62 /* Main.storyboard */; };
		C1A6F1D42653C0610026DB62 /* Assets.xcassets in Resources */ = {isa = PBXBuildFile; fileRef = C1A6F1D32653C0610026DB62 /* Assets.xcassets */; };
		C1A6F1D72653C0610026DB62 /* LaunchScreen.storyboard in Resources */ = {isa = PBXBuildFile; fileRef = C1A6F1D52653C0610026DB62 /* LaunchScreen.storyboard */; };
		C1A6F1E42653C3180026DB62 /* ViewController1.swift in Sources */ = {isa = PBXBuildFile; fileRef = C1A6F1E32653C3180026DB62 /* ViewController1.swift */; };
		C1A6F1E72653C3220026DB62 /* ViewController2.swift in Sources */ = {isa = PBXBuildFile; fileRef = C1A6F1E62653C3220026DB62 /* ViewController2.swift */; };
/* End PBXBuildFile section */

/* Begin PBXFileReference section */
		2B79E7D54A980752E7D4FD23 /* Pods-iOSDropdown-RSSelectionMenu.debug.xcconfig */ = {isa = PBXFileReference; includeInIndex = 1; lastKnownFileType = text.xcconfig; name = "Pods-iOSDropdown-RSSelectionMenu.debug.xcconfig"; path = "Target Support Files/Pods-iOSDropdown-RSSelectionMenu/Pods-iOSDropdown-RSSelectionMenu.debug.xcconfig"; sourceTree = "<group>"; };
		99D00EEB3BB2099B5E225252 /* Pods_iOSDropdown_RSSelectionMenu.framework */ = {isa = PBXFileReference; explicitFileType = wrapper.framework; includeInIndex = 0; path = Pods_iOSDropdown_RSSelectionMenu.framework; sourceTree = BUILT_PRODUCTS_DIR; };
		C1A6F1C72653C05E0026DB62 /* iOSDropdown-RSSelectionMenu.app */ = {isa = PBXFileReference; explicitFileType = wrapper.application; includeInIndex = 0; path = "iOSDropdown-RSSelectionMenu.app"; sourceTree = BUILT_PRODUCTS_DIR; };
		C1A6F1CA2653C05E0026DB62 /* AppDelegate.swift */ = {isa = PBXFileReference; lastKnownFileType = sourcecode.swift; path = AppDelegate.swift; sourceTree = "<group>"; };
		C1A6F1CC2653C05E0026DB62 /* SceneDelegate.swift */ = {isa = PBXFileReference; lastKnownFileType = sourcecode.swift; path = SceneDelegate.swift; sourceTree = "<group>"; };
		C1A6F1CE2653C05E0026DB62 /* ViewController.swift */ = {isa = PBXFileReference; lastKnownFileType = sourcecode.swift; path = ViewController.swift; sourceTree = "<group>"; };
		C1A6F1D12653C05E0026DB62 /* Base */ = {isa = PBXFileReference; lastKnownFileType = file.storyboard; name = Base; path = Base.lproj/Main.storyboard; sourceTree = "<group>"; };
		C1A6F1D32653C0610026DB62 /* Assets.xcassets */ = {isa = PBXFileReference; lastKnownFileType = folder.assetcatalog; path = Assets.xcassets; sourceTree = "<group>"; };
		C1A6F1D62653C0610026DB62 /* Base */ = {isa = PBXFileReference; lastKnownFileType = file.storyboard; name = Base; path = Base.lproj/LaunchScreen.storyboard; sourceTree = "<group>"; };
		C1A6F1D82653C0610026DB62 /* Info.plist */ = {isa = PBXFileReference; lastKnownFileType = text.plist.xml; path = Info.plist; sourceTree = "<group>"; };
		C1A6F1E32653C3180026DB62 /* ViewController1.swift */ = {isa = PBXFileReference; lastKnownFileType = sourcecode.swift; path = ViewController1.swift; sourceTree = "<group>"; };
		C1A6F1E62653C3220026DB62 /* ViewController2.swift */ = {isa = PBXFileReference; lastKnownFileType = sourcecode.swift; path = ViewController2.swift; sourceTree = "<group>"; };
		C61DECC0FE0AF45D00A81635 /* Pods-iOSDropdown-RSSelectionMenu.release.xcconfig */ = {isa = PBXFileReference; includeInIndex = 1; lastKnownFileType = text.xcconfig; name = "Pods-iOSDropdown-RSSelectionMenu.release.xcconfig"; path = "Target Support Files/Pods-iOSDropdown-RSSelectionMenu/Pods-iOSDropdown-RSSelectionMenu.release.xcconfig"; sourceTree = "<group>"; };
/* End PBXFileReference section */

/* Begin PBXFrameworksBuildPhase section */
		C1A6F1C42653C05E0026DB62 /* Frameworks */ = {
			isa = PBXFrameworksBuildPhase;
			buildActionMask = 2147483647;
			files = (
				4F02B4983AC2B2ACBB86F216 /* Pods_iOSDropdown_RSSelectionMenu.framework in Frameworks */,
			);
			runOnlyForDeploymentPostprocessing = 0;
		};
/* End PBXFrameworksBuildPhase section */

/* Begin PBXGroup section */
		4A05465D40571F9C77DEE10C /* Frameworks */ = {
			isa = PBXGroup;
			children = (
				99D00EEB3BB2099B5E225252 /* Pods_iOSDropdown_RSSelectionMenu.framework */,
			);
			name = Frameworks;
			sourceTree = "<group>";
		};
		9FF87DB69DF24B729EBEE748 /* Pods */ = {
			isa = PBXGroup;
			children = (
				2B79E7D54A980752E7D4FD23 /* Pods-iOSDropdown-RSSelectionMenu.debug.xcconfig */,
				C61DECC0FE0AF45D00A81635 /* Pods-iOSDropdown-RSSelectionMenu.release.xcconfig */,
			);
			path = Pods;
			sourceTree = "<group>";
		};
		C1A6F1BE2653C05E0026DB62 = {
			isa = PBXGroup;
			children = (
				C1A6F1C92653C05E0026DB62 /* iOSDropdown-RSSelectionMenu */,
				C1A6F1C82653C05E0026DB62 /* Products */,
				9FF87DB69DF24B729EBEE748 /* Pods */,
				4A05465D40571F9C77DEE10C /* Frameworks */,
			);
			sourceTree = "<group>";
		};
		C1A6F1C82653C05E0026DB62 /* Products */ = {
			isa = PBXGroup;
			children = (
				C1A6F1C72653C05E0026DB62 /* iOSDropdown-RSSelectionMenu.app */,
			);
			name = Products;
			sourceTree = "<group>";
		};
		C1A6F1C92653C05E0026DB62 /* iOSDropdown-RSSelectionMenu */ = {
			isa = PBXGroup;
			children = (
				C1A6F1CA2653C05E0026DB62 /* AppDelegate.swift */,
				C1A6F1CC2653C05E0026DB62 /* SceneDelegate.swift */,
				C1A6F1CE2653C05E0026DB62 /* ViewController.swift */,
				C1A6F1D02653C05E0026DB62 /* Main.storyboard */,
				C1A6F1E32653C3180026DB62 /* ViewController1.swift */,
				C1A6F1E62653C3220026DB62 /* ViewController2.swift */,
				C1A6F1D32653C0610026DB62 /* Assets.xcassets */,
				C1A6F1D52653C0610026DB62 /* LaunchScreen.storyboard */,
				C1A6F1D82653C0610026DB62 /* Info.plist */,
			);
			path = "iOSDropdown-RSSelectionMenu";
			sourceTree = "<group>";
		};
/* End PBXGroup section */

/* Begin PBXNativeTarget section */
		C1A6F1C62653C05E0026DB62 /* iOSDropdown-RSSelectionMenu */ = {
			isa = PBXNativeTarget;
			buildConfigurationList = C1A6F1DB2653C0610026DB62 /* Build configuration list for PBXNativeTarget "iOSDropdown-RSSelectionMenu" */;
			buildPhases = (
				9FABE4D8E2C57189796ED95C /* [CP] Check Pods Manifest.lock */,
				C1A6F1C32653C05E0026DB62 /* Sources */,
				C1A6F1C42653C05E0026DB62 /* Frameworks */,
				C1A6F1C52653C05E0026DB62 /* Resources */,
				BBCB6E2CF5324D5E97ACC187 /* [CP] Embed Pods Frameworks */,
			);
			buildRules = (
			);
			dependencies = (
			);
			name = "iOSDropdown-RSSelectionMenu";
			productName = "iOSDropdown-RSSelectionMenu";
			productReference = C1A6F1C72653C05E0026DB62 /* iOSDropdown-RSSelectionMenu.app */;
			productType = "com.apple.product-type.application";
		};
/* End PBXNativeTarget section */

/* Begin PBXProject section */
		C1A6F1BF2653C05E0026DB62 /* Project object */ = {
			isa = PBXProject;
			attributes = {
				LastSwiftUpdateCheck = 1240;
				LastUpgradeCheck = 1240;
				TargetAttributes = {
					C1A6F1C62653C05E0026DB62 = {
						CreatedOnToolsVersion = 12.4;
					};
				};
			};
			buildConfigurationList = C1A6F1C22653C05E0026DB62 /* Build configuration list for PBXProject "iOSDropdown-RSSelectionMenu" */;
			compatibilityVersion = "Xcode 9.3";
			developmentRegion = en;
			hasScannedForEncodings = 0;
			knownRegions = (
				en,
				Base,
			);
			mainGroup = C1A6F1BE2653C05E0026DB62;
			productRefGroup = C1A6F1C82653C05E0026DB62 /* Products */;
			projectDirPath = "";
			projectRoot = "";
			targets = (
				C1A6F1C62653C05E0026DB62 /* iOSDropdown-RSSelectionMenu */,
			);
		};
/* End PBXProject section */

/* Begin PBXResourcesBuildPhase section */
		C1A6F1C52653C05E0026DB62 /* Resources */ = {
			isa = PBXResourcesBuildPhase;
			buildActionMask = 2147483647;
			files = (
				C1A6F1D72653C0610026DB62 /* LaunchScreen.storyboard in Resources */,
				C1A6F1D42653C0610026DB62 /* Assets.xcassets in Resources */,
				C1A6F1D22653C05E0026DB62 /* Main.storyboard in Resources */,
			);
			runOnlyForDeploymentPostprocessing = 0;
		};
/* End PBXResourcesBuildPhase section */

/* Begin PBXShellScriptBuildPhase section */
		9FABE4D8E2C57189796ED95C /* [CP] Check Pods Manifest.lock */ = {
			isa = PBXShellScriptBuildPhase;
			buildActionMask = 2147483647;
			files = (
			);
			inputFileListPaths = (
			);
			inputPaths = (
				"${PODS_PODFILE_DIR_PATH}/Podfile.lock",
				"${PODS_ROOT}/Manifest.lock",
			);
			name = "[CP] Check Pods Manifest.lock";
			outputFileListPaths = (
			);
			outputPaths = (
				"$(DERIVED_FILE_DIR)/Pods-iOSDropdown-RSSelectionMenu-checkManifestLockResult.txt",
			);
			runOnlyForDeploymentPostprocessing = 0;
			shellPath = /bin/sh;
			shellScript = "diff \"${PODS_PODFILE_DIR_PATH}/Podfile.lock\" \"${PODS_ROOT}/Manifest.lock\" > /dev/null\nif [ $? != 0 ] ; then\n    # print error to STDERR\n    echo \"error: The sandbox is not in sync with the Podfile.lock. Run 'pod install' or update your CocoaPods installation.\" >&2\n    exit 1\nfi\n# This output is used by Xcode 'outputs' to avoid re-running this script phase.\necho \"SUCCESS\" > \"${SCRIPT_OUTPUT_FILE_0}\"\n";
			showEnvVarsInLog = 0;
		};
		BBCB6E2CF5324D5E97ACC187 /* [CP] Embed Pods Frameworks */ = {
			isa = PBXShellScriptBuildPhase;
			buildActionMask = 2147483647;
			files = (
			);
			inputFileListPaths = (
				"${PODS_ROOT}/Target Support Files/Pods-iOSDropdown-RSSelectionMenu/Pods-iOSDropdown-RSSelectionMenu-frameworks-${CONFIGURATION}-input-files.xcfilelist",
			);
			name = "[CP] Embed Pods Frameworks";
			outputFileListPaths = (
				"${PODS_ROOT}/Target Support Files/Pods-iOSDropdown-RSSelectionMenu/Pods-iOSDropdown-RSSelectionMenu-frameworks-${CONFIGURATION}-output-files.xcfilelist",
			);
			runOnlyForDeploymentPostprocessing = 0;
			shellPath = /bin/sh;
			shellScript = "\"${PODS_ROOT}/Target Support Files/Pods-iOSDropdown-RSSelectionMenu/Pods-iOSDropdown-RSSelectionMenu-frameworks.sh\"\n";
			showEnvVarsInLog = 0;
		};
/* End PBXShellScriptBuildPhase section */

/* Begin PBXSourcesBuildPhase section */
		C1A6F1C32653C05E0026DB62 /* Sources */ = {
			isa = PBXSourcesBuildPhase;
			buildActionMask = 2147483647;
			files = (
				C1A6F1E72653C3220026DB62 /* ViewController2.swift in Sources */,
				C1A6F1E42653C3180026DB62 /* ViewController1.swift in Sources */,
				C1A6F1CF2653C05E0026DB62 /* ViewController.swift in Sources */,
				C1A6F1CB2653C05E0026DB62 /* AppDelegate.swift in Sources */,
				C1A6F1CD2653C05E0026DB62 /* SceneDelegate.swift in Sources */,
			);
			runOnlyForDeploymentPostprocessing = 0;
		};
/* End PBXSourcesBuildPhase section */

/* Begin PBXVariantGroup section */
		C1A6F1D02653C05E0026DB62 /* Main.storyboard */ = {
			isa = PBXVariantGroup;
			children = (
				C1A6F1D12653C05E0026DB62 /* Base */,
			);
			name = Main.storyboard;
			sourceTree = "<group>";
		};
		C1A6F1D52653C0610026DB62 /* LaunchScreen.storyboard */ = {
			isa = PBXVariantGroup;
			children = (
				C1A6F1D62653C0610026DB62 /* Base */,
			);
			name = LaunchScreen.storyboard;
			sourceTree = "<group>";
		};
/* End PBXVariantGroup section */

/* Begin XCBuildConfiguration section */
		C1A6F1D92653C0610026DB62 /* Debug */ = {
			isa = XCBuildConfiguration;
			buildSettings = {
				ALWAYS_SEARCH_USER_PATHS = NO;
				CLANG_ANALYZER_NONNULL = YES;
				CLANG_ANALYZER_NUMBER_OBJECT_CONVERSION = YES_AGGRESSIVE;
				CLANG_CXX_LANGUAGE_STANDARD = "gnu++14";
				CLANG_CXX_LIBRARY = "libc++";
				CLANG_ENABLE_MODULES = YES;
				CLANG_ENABLE_OBJC_ARC = YES;
				CLANG_ENABLE_OBJC_WEAK = YES;
				CLANG_WARN_BLOCK_CAPTURE_AUTORELEASING = YES;
				CLANG_WARN_BOOL_CONVERSION = YES;
				CLANG_WARN_COMMA = YES;
				CLANG_WARN_CONSTANT_CONVERSION = YES;
				CLANG_WARN_DEPRECATED_OBJC_IMPLEMENTATIONS = YES;
				CLANG_WARN_DIRECT_OBJC_ISA_USAGE = YES_ERROR;
				CLANG_WARN_DOCUMENTATION_COMMENTS = YES;
				CLANG_WARN_EMPTY_BODY = YES;
				CLANG_WARN_ENUM_CONVERSION = YES;
				CLANG_WARN_INFINITE_RECURSION = YES;
				CLANG_WARN_INT_CONVERSION = YES;
				CLANG_WARN_NON_LITERAL_NULL_CONVERSION = YES;
				CLANG_WARN_OBJC_IMPLICIT_RETAIN_SELF = YES;
				CLANG_WARN_OBJC_LITERAL_CONVERSION = YES;
				CLANG_WARN_OBJC_ROOT_CLASS = YES_ERROR;
				CLANG_WARN_QUOTED_INCLUDE_IN_FRAMEWORK_HEADER = YES;
				CLANG_WARN_RANGE_LOOP_ANALYSIS = YES;
				CLANG_WARN_STRICT_PROTOTYPES = YES;
				CLANG_WARN_SUSPICIOUS_MOVE = YES;
				CLANG_WARN_UNGUARDED_AVAILABILITY = YES_AGGRESSIVE;
				CLANG_WARN_UNREACHABLE_CODE = YES;
				CLANG_WARN__DUPLICATE_METHOD_MATCH = YES;
				COPY_PHASE_STRIP = NO;
				DEBUG_INFORMATION_FORMAT = dwarf;
				ENABLE_STRICT_OBJC_MSGSEND = YES;
				ENABLE_TESTABILITY = YES;
				GCC_C_LANGUAGE_STANDARD = gnu11;
				GCC_DYNAMIC_NO_PIC = NO;
				GCC_NO_COMMON_BLOCKS = YES;
				GCC_OPTIMIZATION_LEVEL = 0;
				GCC_PREPROCESSOR_DEFINITIONS = (
					"DEBUG=1",
					"$(inherited)",
				);
				GCC_WARN_64_TO_32_BIT_CONVERSION = YES;
				GCC_WARN_ABOUT_RETURN_TYPE = YES_ERROR;
				GCC_WARN_UNDECLARED_SELECTOR = YES;
				GCC_WARN_UNINITIALIZED_AUTOS = YES_AGGRESSIVE;
				GCC_WARN_UNUSED_FUNCTION = YES;
				GCC_WARN_UNUSED_VARIABLE = YES;
				IPHONEOS_DEPLOYMENT_TARGET = 14.4;
				MTL_ENABLE_DEBUG_INFO = INCLUDE_SOURCE;
				MTL_FAST_MATH = YES;
				ONLY_ACTIVE_ARCH = YES;
				SDKROOT = iphoneos;
				SWIFT_ACTIVE_COMPILATION_CONDITIONS = DEBUG;
				SWIFT_OPTIMIZATION_LEVEL = "-Onone";
			};
			name = Debug;
		};
		C1A6F1DA2653C0610026DB62 /* Release */ = {
			isa = XCBuildConfiguration;
			buildSettings = {
				ALWAYS_SEARCH_USER_PATHS = NO;
				CLANG_ANALYZER_NONNULL = YES;
				CLANG_ANALYZER_NUMBER_OBJECT_CONVERSION = YES_AGGRESSIVE;
				CLANG_CXX_LANGUAGE_STANDARD = "gnu++14";
				CLANG_CXX_LIBRARY = "libc++";
				CLANG_ENABLE_MODULES = YES;
				CLANG_ENABLE_OBJC_ARC = YES;
				CLANG_ENABLE_OBJC_WEAK = YES;
				CLANG_WARN_BLOCK_CAPTURE_AUTORELEASING = YES;
				CLANG_WARN_BOOL_CONVERSION = YES;
				CLANG_WARN_COMMA = YES;
				CLANG_WARN_CONSTANT_CONVERSION = YES;
				CLANG_WARN_DEPRECATED_OBJC_IMPLEMENTATIONS = YES;
				CLANG_WARN_DIRECT_OBJC_ISA_USAGE = YES_ERROR;
				CLANG_WARN_DOCUMENTATION_COMMENTS = YES;
				CLANG_WARN_EMPTY_BODY = YES;
				CLANG_WARN_ENUM_CONVERSION = YES;
				CLANG_WARN_INFINITE_RECURSION = YES;
				CLANG_WARN_INT_CONVERSION = YES;
				CLANG_WARN_NON_LITERAL_NULL_CONVERSION = YES;
				CLANG_WARN_OBJC_IMPLICIT_RETAIN_SELF = YES;
				CLANG_WARN_OBJC_LITERAL_CONVERSION = YES;
				CLANG_WARN_OBJC_ROOT_CLASS = YES_ERROR;
				CLANG_WARN_QUOTED_INCLUDE_IN_FRAMEWORK_HEADER = YES;
				CLANG_WARN_RANGE_LOOP_ANALYSIS = YES;
				CLANG_WARN_STRICT_PROTOTYPES = YES;
				CLANG_WARN_SUSPICIOUS_MOVE = YES;
				CLANG_WARN_UNGUARDED_AVAILABILITY = YES_AGGRESSIVE;
				CLANG_WARN_UNREACHABLE_CODE = YES;
				CLANG_WARN__DUPLICATE_METHOD_MATCH = YES;
				COPY_PHASE_STRIP = NO;
				DEBUG_INFORMATION_FORMAT = "dwarf-with-dsym";
				ENABLE_NS_ASSERTIONS = NO;
				ENABLE_STRICT_OBJC_MSGSEND = YES;
				GCC_C_LANGUAGE_STANDARD = gnu11;
				GCC_NO_COMMON_BLOCKS = YES;
				GCC_WARN_64_TO_32_BIT_CONVERSION = YES;
				GCC_WARN_ABOUT_RETURN_TYPE = YES_ERROR;
				GCC_WARN_UNDECLARED_SELECTOR = YES;
				GCC_WARN_UNINITIALIZED_AUTOS = YES_AGGRESSIVE;
				GCC_WARN_UNUSED_FUNCTION = YES;
				GCC_WARN_UNUSED_VARIABLE = YES;
				IPHONEOS_DEPLOYMENT_TARGET = 14.4;
				MTL_ENABLE_DEBUG_INFO = NO;
				MTL_FAST_MATH = YES;
				SDKROOT = iphoneos;
				SWIFT_COMPILATION_MODE = wholemodule;
				SWIFT_OPTIMIZATION_LEVEL = "-O";
				VALIDATE_PRODUCT = YES;
			};
			name = Release;
		};
		C1A6F1DC2653C0610026DB62 /* Debug */ = {
			isa = XCBuildConfiguration;
			baseConfigurationReference = 2B79E7D54A980752E7D4FD23 /* Pods-iOSDropdown-RSSelectionMenu.debug.xcconfig */;
			buildSettings = {
				ASSETCATALOG_COMPILER_APPICON_NAME = AppIcon;
				ASSETCATALOG_COMPILER_GLOBAL_ACCENT_COLOR_NAME = AccentColor;
				CODE_SIGN_STYLE = Automatic;
				DEVELOPMENT_TEAM = LR4QG85CZD;
				INFOPLIST_FILE = "iOSDropdown-RSSelectionMenu/Info.plist";
				LD_RUNPATH_SEARCH_PATHS = (
					"$(inherited)",
					"@executable_path/Frameworks",
				);
				PRODUCT_BUNDLE_IDENTIFIER = "mallikarjun.iOSDropdown-RSSelectionMenu";
				PRODUCT_NAME = "$(TARGET_NAME)";
				SWIFT_VERSION = 5.0;
				TARGETED_DEVICE_FAMILY = "1,2";
			};
			name = Debug;
		};
		C1A6F1DD2653C0610026DB62 /* Release */ = {
			isa = XCBuildConfiguration;
			baseConfigurationReference = C61DECC0FE0AF45D00A81635 /* Pods-iOSDropdown-RSSelectionMenu.release.xcconfig */;
			buildSettings = {
				ASSETCATALOG_COMPILER_APPICON_NAME = AppIcon;
				ASSETCATALOG_COMPILER_GLOBAL_ACCENT_COLOR_NAME = AccentColor;
				CODE_SIGN_STYLE = Automatic;
				DEVELOPMENT_TEAM = LR4QG85CZD;
				INFOPLIST_FILE = "iOSDropdown-RSSelectionMenu/Info.plist";
				LD_RUNPATH_SEARCH_PATHS = (
					"$(inherited)",
					"@executable_path/Frameworks",
				);
				PRODUCT_BUNDLE_IDENTIFIER = "mallikarjun.iOSDropdown-RSSelectionMenu";
				PRODUCT_NAME = "$(TARGET_NAME)";
				SWIFT_VERSION = 5.0;
				TARGETED_DEVICE_FAMILY = "1,2";
			};
			name = Release;
		};
/* End XCBuildConfiguration section */

/* Begin XCConfigurationList section */
		C1A6F1C22653C05E0026DB62 /* Build configuration list for PBXProject "iOSDropdown-RSSelectionMenu" */ = {
			isa = XCConfigurationList;
			buildConfigurations = (
				C1A6F1D92653C0610026DB62 /* Debug */,
				C1A6F1DA2653C0610026DB62 /* Release */,
			);
			defaultConfigurationIsVisible = 0;
			defaultConfigurationName = Release;
		};
		C1A6F1DB2653C0610026DB62 /* Build configuration list for PBXNativeTarget "iOSDropdown-RSSelectionMenu" */ = {
			isa = XCConfigurationList;
			buildConfigurations = (
				C1A6F1DC2653C0610026DB62 /* Debug */,
				C1A6F1DD2653C0610026DB62 /* Release */,
			);
			defaultConfigurationIsVisible = 0;
			defaultConfigurationName = Release;
		};
/* End XCConfigurationList section */
	};
	rootObject = C1A6F1BF2653C05E0026DB62 /* Project object */;
}
