// !$*UTF8*$!
{
	archiveVersion = 1;
	classes = {
	};
	objectVersion = 50;
	objects = {

/* Begin PBXBuildFile section */
		06028B5F22CB1E3F00E4D4DD /* AppDelegate.swift in Sources */ = {isa = PBXBuildFile; fileRef = 06028B5E22CB1E3F00E4D4DD /* AppDelegate.swift */; };
		06028B6122CB1E3F00E4D4DD /* ViewController.swift in Sources */ = {isa = PBXBuildFile; fileRef = 06028B6022CB1E3F00E4D4DD /* ViewController.swift */; };
		06028B6422CB1E3F00E4D4DD /* Main.storyboard in Resources */ = {isa = PBXBuildFile; fileRef = 06028B6222CB1E3F00E4D4DD /* Main.storyboard */; };
		06028B6622CB1E4800E4D4DD /* Assets.xcassets in Resources */ = {isa = PBXBuildFile; fileRef = 06028B6522CB1E4800E4D4DD /* Assets.xcassets */; };
		06028B6922CB1E4800E4D4DD /* LaunchScreen.storyboard in Resources */ = {isa = PBXBuildFile; fileRef = 06028B6722CB1E4800E4D4DD /* LaunchScreen.storyboard */; };
		06028B7222CB24D700E4D4DD /* CollectionviewCell.swift in Sources */ = {isa = PBXBuildFile; fileRef = 06028B7022CB24D700E4D4DD /* CollectionviewCell.swift */; };
		06028B7322CB24D700E4D4DD /* CollectionviewCell.xib in Resources */ = {isa = PBXBuildFile; fileRef = 06028B7122CB24D700E4D4DD /* CollectionviewCell.xib */; };
		06028B7522CB300B00E4D4DD /* SearchCell.swift in Sources */ = {isa = PBXBuildFile; fileRef = 06028B7422CB300B00E4D4DD /* SearchCell.swift */; };
		06028B7722CB389C00E4D4DD /* TableViewCellNew.swift in Sources */ = {isa = PBXBuildFile; fileRef = 06028B7622CB389C00E4D4DD /* TableViewCellNew.swift */; };
		06028B7922CB543300E4D4DD /* CollectionViewCellTest.swift in Sources */ = {isa = PBXBuildFile; fileRef = 06028B7822CB543300E4D4DD /* CollectionViewCellTest.swift */; };
/* End PBXBuildFile section */

/* Begin PBXFileReference section */
		06028B5B22CB1E3F00E4D4DD /* Search + Tags.app */ = {isa = PBXFileReference; explicitFileType = wrapper.application; includeInIndex = 0; path = "Search + Tags.app"; sourceTree = BUILT_PRODUCTS_DIR; };
		06028B5E22CB1E3F00E4D4DD /* AppDelegate.swift */ = {isa = PBXFileReference; lastKnownFileType = sourcecode.swift; path = AppDelegate.swift; sourceTree = "<group>"; };
		06028B6022CB1E3F00E4D4DD /* ViewController.swift */ = {isa = PBXFileReference; lastKnownFileType = sourcecode.swift; path = ViewController.swift; sourceTree = "<group>"; };
		06028B6322CB1E3F00E4D4DD /* Base */ = {isa = PBXFileReference; lastKnownFileType = file.storyboard; name = Base; path = Base.lproj/Main.storyboard; sourceTree = "<group>"; };
		06028B6522CB1E4800E4D4DD /* Assets.xcassets */ = {isa = PBXFileReference; lastKnownFileType = folder.assetcatalog; path = Assets.xcassets; sourceTree = "<group>"; };
		06028B6822CB1E4800E4D4DD /* Base */ = {isa = PBXFileReference; lastKnownFileType = file.storyboard; name = Base; path = Base.lproj/LaunchScreen.storyboard; sourceTree = "<group>"; };
		06028B6A22CB1E4800E4D4DD /* Info.plist */ = {isa = PBXFileReference; lastKnownFileType = text.plist.xml; path = Info.plist; sourceTree = "<group>"; };
		06028B7022CB24D700E4D4DD /* CollectionviewCell.swift */ = {isa = PBXFileReference; lastKnownFileType = sourcecode.swift; path = CollectionviewCell.swift; sourceTree = "<group>"; };
		06028B7122CB24D700E4D4DD /* CollectionviewCell.xib */ = {isa = PBXFileReference; lastKnownFileType = file.xib; path = CollectionviewCell.xib; sourceTree = "<group>"; };
		06028B7422CB300B00E4D4DD /* SearchCell.swift */ = {isa = PBXFileReference; lastKnownFileType = sourcecode.swift; path = SearchCell.swift; sourceTree = "<group>"; };
		06028B7622CB389C00E4D4DD /* TableViewCellNew.swift */ = {isa = PBXFileReference; lastKnownFileType = sourcecode.swift; path = TableViewCellNew.swift; sourceTree = "<group>"; };
		06028B7822CB543300E4D4DD /* CollectionViewCellTest.swift */ = {isa = PBXFileReference; lastKnownFileType = sourcecode.swift; path = CollectionViewCellTest.swift; sourceTree = "<group>"; };
/* End PBXFileReference section */

/* Begin PBXFrameworksBuildPhase section */
		06028B5822CB1E3F00E4D4DD /* Frameworks */ = {
			isa = PBXFrameworksBuildPhase;
			buildActionMask = 2147483647;
			files = (
			);
			runOnlyForDeploymentPostprocessing = 0;
		};
/* End PBXFrameworksBuildPhase section */

/* Begin PBXGroup section */
		06028B5222CB1E3F00E4D4DD = {
			isa = PBXGroup;
			children = (
				06028B5D22CB1E3F00E4D4DD /* Search + Tags */,
				06028B5C22CB1E3F00E4D4DD /* Products */,
			);
			sourceTree = "<group>";
		};
		06028B5C22CB1E3F00E4D4DD /* Products */ = {
			isa = PBXGroup;
			children = (
				06028B5B22CB1E3F00E4D4DD /* Search + Tags.app */,
			);
			name = Products;
			sourceTree = "<group>";
		};
		06028B5D22CB1E3F00E4D4DD /* Search + Tags */ = {
			isa = PBXGroup;
			children = (
				06028B5E22CB1E3F00E4D4DD /* AppDelegate.swift */,
				06028B6022CB1E3F00E4D4DD /* ViewController.swift */,
				06028B7422CB300B00E4D4DD /* SearchCell.swift */,
				06028B7022CB24D700E4D4DD /* CollectionviewCell.swift */,
				06028B7122CB24D700E4D4DD /* CollectionviewCell.xib */,
				06028B6222CB1E3F00E4D4DD /* Main.storyboard */,
				06028B6522CB1E4800E4D4DD /* Assets.xcassets */,
				06028B6722CB1E4800E4D4DD /* LaunchScreen.storyboard */,
				06028B6A22CB1E4800E4D4DD /* Info.plist */,
				06028B7622CB389C00E4D4DD /* TableViewCellNew.swift */,
				06028B7822CB543300E4D4DD /* CollectionViewCellTest.swift */,
			);
			path = "Search + Tags";
			sourceTree = "<group>";
		};
/* End PBXGroup section */

/* Begin PBXNativeTarget section */
		06028B5A22CB1E3F00E4D4DD /* Search + Tags */ = {
			isa = PBXNativeTarget;
			buildConfigurationList = 06028B6D22CB1E4900E4D4DD /* Build configuration list for PBXNativeTarget "Search + Tags" */;
			buildPhases = (
				06028B5722CB1E3F00E4D4DD /* Sources */,
				06028B5822CB1E3F00E4D4DD /* Frameworks */,
				06028B5922CB1E3F00E4D4DD /* Resources */,
			);
			buildRules = (
			);
			dependencies = (
			);
			name = "Search + Tags";
			productName = "Search + Tags";
			productReference = 06028B5B22CB1E3F00E4D4DD /* Search + Tags.app */;
			productType = "com.apple.product-type.application";
		};
/* End PBXNativeTarget section */

/* Begin PBXProject section */
		06028B5322CB1E3F00E4D4DD /* Project object */ = {
			isa = PBXProject;
			attributes = {
				LastSwiftUpdateCheck = 1020;
				LastUpgradeCheck = 1020;
				ORGANIZATIONNAME = "Mallikarjun H";
				TargetAttributes = {
					06028B5A22CB1E3F00E4D4DD = {
						CreatedOnToolsVersion = 10.2.1;
					};
				};
			};
			buildConfigurationList = 06028B5622CB1E3F00E4D4DD /* Build configuration list for PBXProject "Search + Tags" */;
			compatibilityVersion = "Xcode 9.3";
			developmentRegion = en;
			hasScannedForEncodings = 0;
			knownRegions = (
				en,
				Base,
			);
			mainGroup = 06028B5222CB1E3F00E4D4DD;
			productRefGroup = 06028B5C22CB1E3F00E4D4DD /* Products */;
			projectDirPath = "";
			projectRoot = "";
			targets = (
				06028B5A22CB1E3F00E4D4DD /* Search + Tags */,
			);
		};
/* End PBXProject section */

/* Begin PBXResourcesBuildPhase section */
		06028B5922CB1E3F00E4D4DD /* Resources */ = {
			isa = PBXResourcesBuildPhase;
			buildActionMask = 2147483647;
			files = (
				06028B6922CB1E4800E4D4DD /* LaunchScreen.storyboard in Resources */,
				06028B6622CB1E4800E4D4DD /* Assets.xcassets in Resources */,
				06028B7322CB24D700E4D4DD /* CollectionviewCell.xib in Resources */,
				06028B6422CB1E3F00E4D4DD /* Main.storyboard in Resources */,
			);
			runOnlyForDeploymentPostprocessing = 0;
		};
/* End PBXResourcesBuildPhase section */

/* Begin PBXSourcesBuildPhase section */
		06028B5722CB1E3F00E4D4DD /* Sources */ = {
			isa = PBXSourcesBuildPhase;
			buildActionMask = 2147483647;
			files = (
				06028B7922CB543300E4D4DD /* CollectionViewCellTest.swift in Sources */,
				06028B7222CB24D700E4D4DD /* CollectionviewCell.swift in Sources */,
				06028B7722CB389C00E4D4DD /* TableViewCellNew.swift in Sources */,
				06028B7522CB300B00E4D4DD /* SearchCell.swift in Sources */,
				06028B6122CB1E3F00E4D4DD /* ViewController.swift in Sources */,
				06028B5F22CB1E3F00E4D4DD /* AppDelegate.swift in Sources */,
			);
			runOnlyForDeploymentPostprocessing = 0;
		};
/* End PBXSourcesBuildPhase section */

/* Begin PBXVariantGroup section */
		06028B6222CB1E3F00E4D4DD /* Main.storyboard */ = {
			isa = PBXVariantGroup;
			children = (
				06028B6322CB1E3F00E4D4DD /* Base */,
			);
			name = Main.storyboard;
			sourceTree = "<group>";
		};
		06028B6722CB1E4800E4D4DD /* LaunchScreen.storyboard */ = {
			isa = PBXVariantGroup;
			children = (
				06028B6822CB1E4800E4D4DD /* Base */,
			);
			name = LaunchScreen.storyboard;
			sourceTree = "<group>";
		};
/* End PBXVariantGroup section */

/* Begin XCBuildConfiguration section */
		06028B6B22CB1E4800E4D4DD /* Debug */ = {
			isa = XCBuildConfiguration;
			buildSettings = {
				ALWAYS_SEARCH_USER_PATHS = NO;
				CLANG_ANALYZER_NONNULL = YES;
				CLANG_ANALYZER_NUMBER_OBJECT_CONVERSION = YES_AGGRESSIVE;
				CLANG_CXX_LANGUAGE_STANDARD = "gnu++14";
				CLANG_CXX_LIBRARY = "libc++";
				CLANG_ENABLE_MODULES = YES;
				CLANG_ENABLE_OBJC_ARC = YES;
				CLANG_ENABLE_OBJC_WEAK = YES;
				CLANG_WARN_BLOCK_CAPTURE_AUTORELEASING = YES;
				CLANG_WARN_BOOL_CONVERSION = YES;
				CLANG_WARN_COMMA = YES;
				CLANG_WARN_CONSTANT_CONVERSION = YES;
				CLANG_WARN_DEPRECATED_OBJC_IMPLEMENTATIONS = YES;
				CLANG_WARN_DIRECT_OBJC_ISA_USAGE = YES_ERROR;
				CLANG_WARN_DOCUMENTATION_COMMENTS = YES;
				CLANG_WARN_EMPTY_BODY = YES;
				CLANG_WARN_ENUM_CONVERSION = YES;
				CLANG_WARN_INFINITE_RECURSION = YES;
				CLANG_WARN_INT_CONVERSION = YES;
				CLANG_WARN_NON_LITERAL_NULL_CONVERSION = YES;
				CLANG_WARN_OBJC_IMPLICIT_RETAIN_SELF = YES;
				CLANG_WARN_OBJC_LITERAL_CONVERSION = YES;
				CLANG_WARN_OBJC_ROOT_CLASS = YES_ERROR;
				CLANG_WARN_RANGE_LOOP_ANALYSIS = YES;
				CLANG_WARN_STRICT_PROTOTYPES = YES;
				CLANG_WARN_SUSPICIOUS_MOVE = YES;
				CLANG_WARN_UNGUARDED_AVAILABILITY = YES_AGGRESSIVE;
				CLANG_WARN_UNREACHABLE_CODE = YES;
				CLANG_WARN__DUPLICATE_METHOD_MATCH = YES;
				CODE_SIGN_IDENTITY = "iPhone Developer";
				COPY_PHASE_STRIP = NO;
				DEBUG_INFORMATION_FORMAT = dwarf;
				ENABLE_STRICT_OBJC_MSGSEND = YES;
				ENABLE_TESTABILITY = YES;
				GCC_C_LANGUAGE_STANDARD = gnu11;
				GCC_DYNAMIC_NO_PIC = NO;
				GCC_NO_COMMON_BLOCKS = YES;
				GCC_OPTIMIZATION_LEVEL = 0;
				GCC_PREPROCESSOR_DEFINITIONS = (
					"DEBUG=1",
					"$(inherited)",
				);
				GCC_WARN_64_TO_32_BIT_CONVERSION = YES;
				GCC_WARN_ABOUT_RETURN_TYPE = YES_ERROR;
				GCC_WARN_UNDECLARED_SELECTOR = YES;
				GCC_WARN_UNINITIALIZED_AUTOS = YES_AGGRESSIVE;
				GCC_WARN_UNUSED_FUNCTION = YES;
				GCC_WARN_UNUSED_VARIABLE = YES;
				IPHONEOS_DEPLOYMENT_TARGET = 12.2;
				MTL_ENABLE_DEBUG_INFO = INCLUDE_SOURCE;
				MTL_FAST_MATH = YES;
				ONLY_ACTIVE_ARCH = YES;
				SDKROOT = iphoneos;
				SWIFT_ACTIVE_COMPILATION_CONDITIONS = DEBUG;
				SWIFT_OPTIMIZATION_LEVEL = "-Onone";
			};
			name = Debug;
		};
		06028B6C22CB1E4800E4D4DD /* Release */ = {
			isa = XCBuildConfiguration;
			buildSettings = {
				ALWAYS_SEARCH_USER_PATHS = NO;
				CLANG_ANALYZER_NONNULL = YES;
				CLANG_ANALYZER_NUMBER_OBJECT_CONVERSION = YES_AGGRESSIVE;
				CLANG_CXX_LANGUAGE_STANDARD = "gnu++14";
				CLANG_CXX_LIBRARY = "libc++";
				CLANG_ENABLE_MODULES = YES;
				CLANG_ENABLE_OBJC_ARC = YES;
				CLANG_ENABLE_OBJC_WEAK = YES;
				CLANG_WARN_BLOCK_CAPTURE_AUTORELEASING = YES;
				CLANG_WARN_BOOL_CONVERSION = YES;
				CLANG_WARN_COMMA = YES;
				CLANG_WARN_CONSTANT_CONVERSION = YES;
				CLANG_WARN_DEPRECATED_OBJC_IMPLEMENTATIONS = YES;
				CLANG_WARN_DIRECT_OBJC_ISA_USAGE = YES_ERROR;
				CLANG_WARN_DOCUMENTATION_COMMENTS = YES;
				CLANG_WARN_EMPTY_BODY = YES;
				CLANG_WARN_ENUM_CONVERSION = YES;
				CLANG_WARN_INFINITE_RECURSION = YES;
				CLANG_WARN_INT_CONVERSION = YES;
				CLANG_WARN_NON_LITERAL_NULL_CONVERSION = YES;
				CLANG_WARN_OBJC_IMPLICIT_RETAIN_SELF = YES;
				CLANG_WARN_OBJC_LITERAL_CONVERSION = YES;
				CLANG_WARN_OBJC_ROOT_CLASS = YES_ERROR;
				CLANG_WARN_RANGE_LOOP_ANALYSIS = YES;
				CLANG_WARN_STRICT_PROTOTYPES = YES;
				CLANG_WARN_SUSPICIOUS_MOVE = YES;
				CLANG_WARN_UNGUARDED_AVAILABILITY = YES_AGGRESSIVE;
				CLANG_WARN_UNREACHABLE_CODE = YES;
				CLANG_WARN__DUPLICATE_METHOD_MATCH = YES;
				CODE_SIGN_IDENTITY = "iPhone Developer";
				COPY_PHASE_STRIP = NO;
				DEBUG_INFORMATION_FORMAT = "dwarf-with-dsym";
				ENABLE_NS_ASSERTIONS = NO;
				ENABLE_STRICT_OBJC_MSGSEND = YES;
				GCC_C_LANGUAGE_STANDARD = gnu11;
				GCC_NO_COMMON_BLOCKS = YES;
				GCC_WARN_64_TO_32_BIT_CONVERSION = YES;
				GCC_WARN_ABOUT_RETURN_TYPE = YES_ERROR;
				GCC_WARN_UNDECLARED_SELECTOR = YES;
				GCC_WARN_UNINITIALIZED_AUTOS = YES_AGGRESSIVE;
				GCC_WARN_UNUSED_FUNCTION = YES;
				GCC_WARN_UNUSED_VARIABLE = YES;
				IPHONEOS_DEPLOYMENT_TARGET = 12.2;
				MTL_ENABLE_DEBUG_INFO = NO;
				MTL_FAST_MATH = YES;
				SDKROOT = iphoneos;
				SWIFT_COMPILATION_MODE = wholemodule;
				SWIFT_OPTIMIZATION_LEVEL = "-O";
				VALIDATE_PRODUCT = YES;
			};
			name = Release;
		};
		06028B6E22CB1E4900E4D4DD /* Debug */ = {
			isa = XCBuildConfiguration;
			buildSettings = {
				ASSETCATALOG_COMPILER_APPICON_NAME = AppIcon;
				CODE_SIGN_STYLE = Automatic;
				DEVELOPMENT_TEAM = 9HVHM5PPH2;
				INFOPLIST_FILE = "Search + Tags/Info.plist";
				IPHONEOS_DEPLOYMENT_TARGET = 11.1;
				LD_RUNPATH_SEARCH_PATHS = (
					"$(inherited)",
					"@executable_path/Frameworks",
				);
				PRODUCT_BUNDLE_IDENTIFIER = "TestExamples.Search---Tags";
				PRODUCT_NAME = "$(TARGET_NAME)";
				SWIFT_VERSION = 5.0;
				TARGETED_DEVICE_FAMILY = "1,2";
			};
			name = Debug;
		};
		06028B6F22CB1E4900E4D4DD /* Release */ = {
			isa = XCBuildConfiguration;
			buildSettings = {
				ASSETCATALOG_COMPILER_APPICON_NAME = AppIcon;
				CODE_SIGN_STYLE = Automatic;
				DEVELOPMENT_TEAM = 9HVHM5PPH2;
				INFOPLIST_FILE = "Search + Tags/Info.plist";
				IPHONEOS_DEPLOYMENT_TARGET = 11.1;
				LD_RUNPATH_SEARCH_PATHS = (
					"$(inherited)",
					"@executable_path/Frameworks",
				);
				PRODUCT_BUNDLE_IDENTIFIER = "TestExamples.Search---Tags";
				PRODUCT_NAME = "$(TARGET_NAME)";
				SWIFT_VERSION = 5.0;
				TARGETED_DEVICE_FAMILY = "1,2";
			};
			name = Release;
		};
/* End XCBuildConfiguration section */

/* Begin XCConfigurationList section */
		06028B5622CB1E3F00E4D4DD /* Build configuration list for PBXProject "Search + Tags" */ = {
			isa = XCConfigurationList;
			buildConfigurations = (
				06028B6B22CB1E4800E4D4DD /* Debug */,
				06028B6C22CB1E4800E4D4DD /* Release */,
			);
			defaultConfigurationIsVisible = 0;
			defaultConfigurationName = Release;
		};
		06028B6D22CB1E4900E4D4DD /* Build configuration list for PBXNativeTarget "Search + Tags" */ = {
			isa = XCConfigurationList;
			buildConfigurations = (
				06028B6E22CB1E4900E4D4DD /* Debug */,
				06028B6F22CB1E4900E4D4DD /* Release */,
			);
			defaultConfigurationIsVisible = 0;
			defaultConfigurationName = Release;
		};
/* End XCConfigurationList section */
	};
	rootObject = 06028B5322CB1E3F00E4D4DD /* Project object */;
}
