// !$*UTF8*$!
{
	archiveVersion = 1;
	classes = {
	};
	objectVersion = 50;
	objects = {

/* Begin PBXBuildFile section */
		C1B7D4C326E1E3C400A15B3E /* AppDelegate.swift in Sources */ = {isa = PBXBuildFile; fileRef = C1B7D4C226E1E3C400A15B3E /* AppDelegate.swift */; };
		C1B7D4C726E1E3C400A15B3E /* ViewController.swift in Sources */ = {isa = PBXBuildFile; fileRef = C1B7D4C626E1E3C400A15B3E /* ViewController.swift */; };
		C1B7D4CA26E1E3C400A15B3E /* Main.storyboard in Resources */ = {isa = PBXBuildFile; fileRef = C1B7D4C826E1E3C400A15B3E /* Main.storyboard */; };
		C1B7D4CC26E1E3C600A15B3E /* Assets.xcassets in Resources */ = {isa = PBXBuildFile; fileRef = C1B7D4CB26E1E3C600A15B3E /* Assets.xcassets */; };
		C1B7D4CF26E1E3C600A15B3E /* LaunchScreen.storyboard in Resources */ = {isa = PBXBuildFile; fileRef = C1B7D4CD26E1E3C600A15B3E /* LaunchScreen.storyboard */; };
		C1B7D4DA26E1E41200A15B3E /* SampleTableViewCell.swift in Sources */ = {isa = PBXBuildFile; fileRef = C1B7D4D926E1E41200A15B3E /* SampleTableViewCell.swift */; };
		C1B7D4DD26E1E52A00A15B3E /* Data.swift in Sources */ = {isa = PBXBuildFile; fileRef = C1B7D4DC26E1E52A00A15B3E /* Data.swift */; };
		C1B7D4E026E1E55A00A15B3E /* DataModel.swift in Sources */ = {isa = PBXBuildFile; fileRef = C1B7D4DF26E1E55A00A15B3E /* DataModel.swift */; };
		C1B7D4E326E1EF5500A15B3E /* PaddingLabel.swift in Sources */ = {isa = PBXBuildFile; fileRef = C1B7D4E226E1EF5500A15B3E /* PaddingLabel.swift */; };
/* End PBXBuildFile section */

/* Begin PBXFileReference section */
		C1B7D4BF26E1E3C400A15B3E /* Expandable_TableView.app */ = {isa = PBXFileReference; explicitFileType = wrapper.application; includeInIndex = 0; path = Expandable_TableView.app; sourceTree = BUILT_PRODUCTS_DIR; };
		C1B7D4C226E1E3C400A15B3E /* AppDelegate.swift */ = {isa = PBXFileReference; lastKnownFileType = sourcecode.swift; path = AppDelegate.swift; sourceTree = "<group>"; };
		C1B7D4C626E1E3C400A15B3E /* ViewController.swift */ = {isa = PBXFileReference; lastKnownFileType = sourcecode.swift; path = ViewController.swift; sourceTree = "<group>"; };
		C1B7D4C926E1E3C400A15B3E /* Base */ = {isa = PBXFileReference; lastKnownFileType = file.storyboard; name = Base; path = Base.lproj/Main.storyboard; sourceTree = "<group>"; };
		C1B7D4CB26E1E3C600A15B3E /* Assets.xcassets */ = {isa = PBXFileReference; lastKnownFileType = folder.assetcatalog; path = Assets.xcassets; sourceTree = "<group>"; };
		C1B7D4CE26E1E3C600A15B3E /* Base */ = {isa = PBXFileReference; lastKnownFileType = file.storyboard; name = Base; path = Base.lproj/LaunchScreen.storyboard; sourceTree = "<group>"; };
		C1B7D4D026E1E3C600A15B3E /* Info.plist */ = {isa = PBXFileReference; lastKnownFileType = text.plist.xml; path = Info.plist; sourceTree = "<group>"; };
		C1B7D4D926E1E41200A15B3E /* SampleTableViewCell.swift */ = {isa = PBXFileReference; lastKnownFileType = sourcecode.swift; path = SampleTableViewCell.swift; sourceTree = "<group>"; };
		C1B7D4DC26E1E52A00A15B3E /* Data.swift */ = {isa = PBXFileReference; lastKnownFileType = sourcecode.swift; path = Data.swift; sourceTree = "<group>"; };
		C1B7D4DF26E1E55A00A15B3E /* DataModel.swift */ = {isa = PBXFileReference; lastKnownFileType = sourcecode.swift; path = DataModel.swift; sourceTree = "<group>"; };
		C1B7D4E226E1EF5500A15B3E /* PaddingLabel.swift */ = {isa = PBXFileReference; lastKnownFileType = sourcecode.swift; path = PaddingLabel.swift; sourceTree = "<group>"; };
/* End PBXFileReference section */

/* Begin PBXFrameworksBuildPhase section */
		C1B7D4BC26E1E3C400A15B3E /* Frameworks */ = {
			isa = PBXFrameworksBuildPhase;
			buildActionMask = 2147483647;
			files = (
			);
			runOnlyForDeploymentPostprocessing = 0;
		};
/* End PBXFrameworksBuildPhase section */

/* Begin PBXGroup section */
		C15E743727FC124700D133FE /* AppDelegate */ = {
			isa = PBXGroup;
			children = (
				C1B7D4C226E1E3C400A15B3E /* AppDelegate.swift */,
			);
			path = AppDelegate;
			sourceTree = "<group>";
		};
		C15E743827FC125200D133FE /* Model */ = {
			isa = PBXGroup;
			children = (
				C1B7D4DC26E1E52A00A15B3E /* Data.swift */,
				C1B7D4E226E1EF5500A15B3E /* PaddingLabel.swift */,
				C1B7D4DF26E1E55A00A15B3E /* DataModel.swift */,
			);
			path = Model;
			sourceTree = "<group>";
		};
		C15E743927FC125B00D133FE /* Views */ = {
			isa = PBXGroup;
			children = (
			);
			path = Views;
			sourceTree = "<group>";
		};
		C15E743A27FC126100D133FE /* Controllers */ = {
			isa = PBXGroup;
			children = (
				C1B7D4C626E1E3C400A15B3E /* ViewController.swift */,
				C1B7D4D926E1E41200A15B3E /* SampleTableViewCell.swift */,
				C15E743B27FC127C00D133FE /* Cells */,
			);
			path = Controllers;
			sourceTree = "<group>";
		};
		C15E743B27FC127C00D133FE /* Cells */ = {
			isa = PBXGroup;
			children = (
			);
			path = Cells;
			sourceTree = "<group>";
		};
		C1B7D4B626E1E3C400A15B3E = {
			isa = PBXGroup;
			children = (
				C1B7D4C126E1E3C400A15B3E /* Expandable_TableView */,
				C1B7D4C026E1E3C400A15B3E /* Products */,
			);
			sourceTree = "<group>";
		};
		C1B7D4C026E1E3C400A15B3E /* Products */ = {
			isa = PBXGroup;
			children = (
				C1B7D4BF26E1E3C400A15B3E /* Expandable_TableView.app */,
			);
			name = Products;
			sourceTree = "<group>";
		};
		C1B7D4C126E1E3C400A15B3E /* Expandable_TableView */ = {
			isa = PBXGroup;
			children = (
				C15E743727FC124700D133FE /* AppDelegate */,
				C15E743827FC125200D133FE /* Model */,
				C15E743927FC125B00D133FE /* Views */,
				C15E743A27FC126100D133FE /* Controllers */,
				C1B7D4C826E1E3C400A15B3E /* Main.storyboard */,
				C1B7D4CB26E1E3C600A15B3E /* Assets.xcassets */,
				C1B7D4CD26E1E3C600A15B3E /* LaunchScreen.storyboard */,
				C1B7D4D026E1E3C600A15B3E /* Info.plist */,
			);
			path = Expandable_TableView;
			sourceTree = "<group>";
		};
/* End PBXGroup section */

/* Begin PBXNativeTarget section */
		C1B7D4BE26E1E3C400A15B3E /* Expandable_TableView */ = {
			isa = PBXNativeTarget;
			buildConfigurationList = C1B7D4D326E1E3C600A15B3E /* Build configuration list for PBXNativeTarget "Expandable_TableView" */;
			buildPhases = (
				C1B7D4BB26E1E3C400A15B3E /* Sources */,
				C1B7D4BC26E1E3C400A15B3E /* Frameworks */,
				C1B7D4BD26E1E3C400A15B3E /* Resources */,
			);
			buildRules = (
			);
			dependencies = (
			);
			name = Expandable_TableView;
			productName = Expandable_TableView;
			productReference = C1B7D4BF26E1E3C400A15B3E /* Expandable_TableView.app */;
			productType = "com.apple.product-type.application";
		};
/* End PBXNativeTarget section */

/* Begin PBXProject section */
		C1B7D4B726E1E3C400A15B3E /* Project object */ = {
			isa = PBXProject;
			attributes = {
				LastSwiftUpdateCheck = 1240;
				LastUpgradeCheck = 1240;
				TargetAttributes = {
					C1B7D4BE26E1E3C400A15B3E = {
						CreatedOnToolsVersion = 12.4;
					};
				};
			};
			buildConfigurationList = C1B7D4BA26E1E3C400A15B3E /* Build configuration list for PBXProject "Expandable_TableView" */;
			compatibilityVersion = "Xcode 9.3";
			developmentRegion = en;
			hasScannedForEncodings = 0;
			knownRegions = (
				en,
				Base,
			);
			mainGroup = C1B7D4B626E1E3C400A15B3E;
			productRefGroup = C1B7D4C026E1E3C400A15B3E /* Products */;
			projectDirPath = "";
			projectRoot = "";
			targets = (
				C1B7D4BE26E1E3C400A15B3E /* Expandable_TableView */,
			);
		};
/* End PBXProject section */

/* Begin PBXResourcesBuildPhase section */
		C1B7D4BD26E1E3C400A15B3E /* Resources */ = {
			isa = PBXResourcesBuildPhase;
			buildActionMask = 2147483647;
			files = (
				C1B7D4CF26E1E3C600A15B3E /* LaunchScreen.storyboard in Resources */,
				C1B7D4CC26E1E3C600A15B3E /* Assets.xcassets in Resources */,
				C1B7D4CA26E1E3C400A15B3E /* Main.storyboard in Resources */,
			);
			runOnlyForDeploymentPostprocessing = 0;
		};
/* End PBXResourcesBuildPhase section */

/* Begin PBXSourcesBuildPhase section */
		C1B7D4BB26E1E3C400A15B3E /* Sources */ = {
			isa = PBXSourcesBuildPhase;
			buildActionMask = 2147483647;
			files = (
				C1B7D4C726E1E3C400A15B3E /* ViewController.swift in Sources */,
				C1B7D4E326E1EF5500A15B3E /* PaddingLabel.swift in Sources */,
				C1B7D4DD26E1E52A00A15B3E /* Data.swift in Sources */,
				C1B7D4DA26E1E41200A15B3E /* SampleTableViewCell.swift in Sources */,
				C1B7D4C326E1E3C400A15B3E /* AppDelegate.swift in Sources */,
				C1B7D4E026E1E55A00A15B3E /* DataModel.swift in Sources */,
			);
			runOnlyForDeploymentPostprocessing = 0;
		};
/* End PBXSourcesBuildPhase section */

/* Begin PBXVariantGroup section */
		C1B7D4C826E1E3C400A15B3E /* Main.storyboard */ = {
			isa = PBXVariantGroup;
			children = (
				C1B7D4C926E1E3C400A15B3E /* Base */,
			);
			name = Main.storyboard;
			sourceTree = "<group>";
		};
		C1B7D4CD26E1E3C600A15B3E /* LaunchScreen.storyboard */ = {
			isa = PBXVariantGroup;
			children = (
				C1B7D4CE26E1E3C600A15B3E /* Base */,
			);
			name = LaunchScreen.storyboard;
			sourceTree = "<group>";
		};
/* End PBXVariantGroup section */

/* Begin XCBuildConfiguration section */
		C1B7D4D126E1E3C600A15B3E /* Debug */ = {
			isa = XCBuildConfiguration;
			buildSettings = {
				ALWAYS_SEARCH_USER_PATHS = NO;
				CLANG_ANALYZER_NONNULL = YES;
				CLANG_ANALYZER_NUMBER_OBJECT_CONVERSION = YES_AGGRESSIVE;
				CLANG_CXX_LANGUAGE_STANDARD = "gnu++14";
				CLANG_CXX_LIBRARY = "libc++";
				CLANG_ENABLE_MODULES = YES;
				CLANG_ENABLE_OBJC_ARC = YES;
				CLANG_ENABLE_OBJC_WEAK = YES;
				CLANG_WARN_BLOCK_CAPTURE_AUTORELEASING = YES;
				CLANG_WARN_BOOL_CONVERSION = YES;
				CLANG_WARN_COMMA = YES;
				CLANG_WARN_CONSTANT_CONVERSION = YES;
				CLANG_WARN_DEPRECATED_OBJC_IMPLEMENTATIONS = YES;
				CLANG_WARN_DIRECT_OBJC_ISA_USAGE = YES_ERROR;
				CLANG_WARN_DOCUMENTATION_COMMENTS = YES;
				CLANG_WARN_EMPTY_BODY = YES;
				CLANG_WARN_ENUM_CONVERSION = YES;
				CLANG_WARN_INFINITE_RECURSION = YES;
				CLANG_WARN_INT_CONVERSION = YES;
				CLANG_WARN_NON_LITERAL_NULL_CONVERSION = YES;
				CLANG_WARN_OBJC_IMPLICIT_RETAIN_SELF = YES;
				CLANG_WARN_OBJC_LITERAL_CONVERSION = YES;
				CLANG_WARN_OBJC_ROOT_CLASS = YES_ERROR;
				CLANG_WARN_QUOTED_INCLUDE_IN_FRAMEWORK_HEADER = YES;
				CLANG_WARN_RANGE_LOOP_ANALYSIS = YES;
				CLANG_WARN_STRICT_PROTOTYPES = YES;
				CLANG_WARN_SUSPICIOUS_MOVE = YES;
				CLANG_WARN_UNGUARDED_AVAILABILITY = YES_AGGRESSIVE;
				CLANG_WARN_UNREACHABLE_CODE = YES;
				CLANG_WARN__DUPLICATE_METHOD_MATCH = YES;
				COPY_PHASE_STRIP = NO;
				DEBUG_INFORMATION_FORMAT = dwarf;
				ENABLE_STRICT_OBJC_MSGSEND = YES;
				ENABLE_TESTABILITY = YES;
				GCC_C_LANGUAGE_STANDARD = gnu11;
				GCC_DYNAMIC_NO_PIC = NO;
				GCC_NO_COMMON_BLOCKS = YES;
				GCC_OPTIMIZATION_LEVEL = 0;
				GCC_PREPROCESSOR_DEFINITIONS = (
					"DEBUG=1",
					"$(inherited)",
				);
				GCC_WARN_64_TO_32_BIT_CONVERSION = YES;
				GCC_WARN_ABOUT_RETURN_TYPE = YES_ERROR;
				GCC_WARN_UNDECLARED_SELECTOR = YES;
				GCC_WARN_UNINITIALIZED_AUTOS = YES_AGGRESSIVE;
				GCC_WARN_UNUSED_FUNCTION = YES;
				GCC_WARN_UNUSED_VARIABLE = YES;
				IPHONEOS_DEPLOYMENT_TARGET = 12.1;
				MTL_ENABLE_DEBUG_INFO = INCLUDE_SOURCE;
				MTL_FAST_MATH = YES;
				ONLY_ACTIVE_ARCH = YES;
				SDKROOT = iphoneos;
				SWIFT_ACTIVE_COMPILATION_CONDITIONS = DEBUG;
				SWIFT_OPTIMIZATION_LEVEL = "-Onone";
			};
			name = Debug;
		};
		C1B7D4D226E1E3C600A15B3E /* Release */ = {
			isa = XCBuildConfiguration;
			buildSettings = {
				ALWAYS_SEARCH_USER_PATHS = NO;
				CLANG_ANALYZER_NONNULL = YES;
				CLANG_ANALYZER_NUMBER_OBJECT_CONVERSION = YES_AGGRESSIVE;
				CLANG_CXX_LANGUAGE_STANDARD = "gnu++14";
				CLANG_CXX_LIBRARY = "libc++";
				CLANG_ENABLE_MODULES = YES;
				CLANG_ENABLE_OBJC_ARC = YES;
				CLANG_ENABLE_OBJC_WEAK = YES;
				CLANG_WARN_BLOCK_CAPTURE_AUTORELEASING = YES;
				CLANG_WARN_BOOL_CONVERSION = YES;
				CLANG_WARN_COMMA = YES;
				CLANG_WARN_CONSTANT_CONVERSION = YES;
				CLANG_WARN_DEPRECATED_OBJC_IMPLEMENTATIONS = YES;
				CLANG_WARN_DIRECT_OBJC_ISA_USAGE = YES_ERROR;
				CLANG_WARN_DOCUMENTATION_COMMENTS = YES;
				CLANG_WARN_EMPTY_BODY = YES;
				CLANG_WARN_ENUM_CONVERSION = YES;
				CLANG_WARN_INFINITE_RECURSION = YES;
				CLANG_WARN_INT_CONVERSION = YES;
				CLANG_WARN_NON_LITERAL_NULL_CONVERSION = YES;
				CLANG_WARN_OBJC_IMPLICIT_RETAIN_SELF = YES;
				CLANG_WARN_OBJC_LITERAL_CONVERSION = YES;
				CLANG_WARN_OBJC_ROOT_CLASS = YES_ERROR;
				CLANG_WARN_QUOTED_INCLUDE_IN_FRAMEWORK_HEADER = YES;
				CLANG_WARN_RANGE_LOOP_ANALYSIS = YES;
				CLANG_WARN_STRICT_PROTOTYPES = YES;
				CLANG_WARN_SUSPICIOUS_MOVE = YES;
				CLANG_WARN_UNGUARDED_AVAILABILITY = YES_AGGRESSIVE;
				CLANG_WARN_UNREACHABLE_CODE = YES;
				CLANG_WARN__DUPLICATE_METHOD_MATCH = YES;
				COPY_PHASE_STRIP = NO;
				DEBUG_INFORMATION_FORMAT = "dwarf-with-dsym";
				ENABLE_NS_ASSERTIONS = NO;
				ENABLE_STRICT_OBJC_MSGSEND = YES;
				GCC_C_LANGUAGE_STANDARD = gnu11;
				GCC_NO_COMMON_BLOCKS = YES;
				GCC_WARN_64_TO_32_BIT_CONVERSION = YES;
				GCC_WARN_ABOUT_RETURN_TYPE = YES_ERROR;
				GCC_WARN_UNDECLARED_SELECTOR = YES;
				GCC_WARN_UNINITIALIZED_AUTOS = YES_AGGRESSIVE;
				GCC_WARN_UNUSED_FUNCTION = YES;
				GCC_WARN_UNUSED_VARIABLE = YES;
				IPHONEOS_DEPLOYMENT_TARGET = 12.1;
				MTL_ENABLE_DEBUG_INFO = NO;
				MTL_FAST_MATH = YES;
				SDKROOT = iphoneos;
				SWIFT_COMPILATION_MODE = wholemodule;
				SWIFT_OPTIMIZATION_LEVEL = "-O";
				VALIDATE_PRODUCT = YES;
			};
			name = Release;
		};
		C1B7D4D426E1E3C600A15B3E /* Debug */ = {
			isa = XCBuildConfiguration;
			buildSettings = {
				ASSETCATALOG_COMPILER_APPICON_NAME = AppIcon;
				ASSETCATALOG_COMPILER_GLOBAL_ACCENT_COLOR_NAME = AccentColor;
				CODE_SIGN_STYLE = Automatic;
				DEVELOPMENT_TEAM = LR4QG85CZD;
				INFOPLIST_FILE = Expandable_TableView/Info.plist;
				LD_RUNPATH_SEARCH_PATHS = (
					"$(inherited)",
					"@executable_path/Frameworks",
				);
				PRODUCT_BUNDLE_IDENTIFIER = "mallikarjun.Expandable-TableView";
				PRODUCT_NAME = "$(TARGET_NAME)";
				SWIFT_VERSION = 5.0;
				TARGETED_DEVICE_FAMILY = "1,2";
			};
			name = Debug;
		};
		C1B7D4D526E1E3C600A15B3E /* Release */ = {
			isa = XCBuildConfiguration;
			buildSettings = {
				ASSETCATALOG_COMPILER_APPICON_NAME = AppIcon;
				ASSETCATALOG_COMPILER_GLOBAL_ACCENT_COLOR_NAME = AccentColor;
				CODE_SIGN_STYLE = Automatic;
				DEVELOPMENT_TEAM = LR4QG85CZD;
				INFOPLIST_FILE = Expandable_TableView/Info.plist;
				LD_RUNPATH_SEARCH_PATHS = (
					"$(inherited)",
					"@executable_path/Frameworks",
				);
				PRODUCT_BUNDLE_IDENTIFIER = "mallikarjun.Expandable-TableView";
				PRODUCT_NAME = "$(TARGET_NAME)";
				SWIFT_VERSION = 5.0;
				TARGETED_DEVICE_FAMILY = "1,2";
			};
			name = Release;
		};
/* End XCBuildConfiguration section */

/* Begin XCConfigurationList section */
		C1B7D4BA26E1E3C400A15B3E /* Build configuration list for PBXProject "Expandable_TableView" */ = {
			isa = XCConfigurationList;
			buildConfigurations = (
				C1B7D4D126E1E3C600A15B3E /* Debug */,
				C1B7D4D226E1E3C600A15B3E /* Release */,
			);
			defaultConfigurationIsVisible = 0;
			defaultConfigurationName = Release;
		};
		C1B7D4D326E1E3C600A15B3E /* Build configuration list for PBXNativeTarget "Expandable_TableView" */ = {
			isa = XCConfigurationList;
			buildConfigurations = (
				C1B7D4D426E1E3C600A15B3E /* Debug */,
				C1B7D4D526E1E3C600A15B3E /* Release */,
			);
			defaultConfigurationIsVisible = 0;
			defaultConfigurationName = Release;
		};
/* End XCConfigurationList section */
	};
	rootObject = C1B7D4B726E1E3C400A15B3E /* Project object */;
}
